
Microsoft Visual Studio Solution File, Format Version 12.00
# Visual Studio 15
VisualStudioVersion = 15.0.26206.0
MinimumVisualStudioVersion = 10.0.40219.1
Project("{2150E333-8FDC-42A3-9474-1A3956D46DE8}") = "Main", "Main", "{256F5C28-532C-44C0-8AB8-D8EC5E492E01}"
EndProject
Project("{FAE04EC0-301F-11D3-BF4B-00C04F79EFBC}") = "ICSharpCode.Core", "..\Main\Core\Project\ICSharpCode.Core.csproj", "{35CEF10F-2D4C-45F2-9DD1-161E0FEC583C}"
EndProject
Project("{FAE04EC0-301F-11D3-BF4B-00C04F79EFBC}") = "ICSharpCode.Core.Presentation", "..\Main\ICSharpCode.Core.Presentation\ICSharpCode.Core.Presentation.csproj", "{7E4A7172-7FF5-48D0-B719-7CD959DD1AC9}"
EndProject
Project("{FAE04EC0-301F-11D3-BF4B-00C04F79EFBC}") = "ICSharpCode.Core.WinForms", "..\Main\ICSharpCode.Core.WinForms\ICSharpCode.Core.WinForms.csproj", "{857CA1A3-FC88-4BE0-AB6A-D1EE772AB288}"
EndProject
Project("{FAE04EC0-301F-11D3-BF4B-00C04F79EFBC}") = "ICSharpCode.SharpDevelop", "..\Main\Base\Project\ICSharpCode.SharpDevelop.csproj", "{2748AD25-9C63-4E12-877B-4DCE96FBED54}"
EndProject
Project("{FAE04EC0-301F-11D3-BF4B-00C04F79EFBC}") = "ICSharpCode.SharpDevelop.Widgets", "..\Main\ICSharpCode.SharpDevelop.Widgets\Project\ICSharpCode.SharpDevelop.Widgets.csproj", "{8035765F-D51F-4A0C-A746-2FD100E19419}"
EndProject
Project("{2150E333-8FDC-42A3-9474-1A3956D46DE8}") = "Libraries", "Libraries", "{2A232EF1-EB95-41C6-B63A-C106E0C95D3C}"
EndProject
Project("{2150E333-8FDC-42A3-9474-1A3956D46DE8}") = "NRefactory", "NRefactory", "{E5A0F4D8-37FD-4A30-BEB0-4409DC4E0865}"
	ProjectSection(SolutionItems) = preProject
		TODOnewNR.txt = TODOnewNR.txt
	EndProjectSection
EndProject
Project("{FAE04EC0-301F-11D3-BF4B-00C04F79EFBC}") = "ICSharpCode.NRefactory", "..\Libraries\NRefactory\ICSharpCode.NRefactory\ICSharpCode.NRefactory.csproj", "{3B2A5653-EC97-4001-BB9B-D90F1AF2C371}"
EndProject
Project("{FAE04EC0-301F-11D3-BF4B-00C04F79EFBC}") = "ICSharpCode.NRefactory.CSharp", "..\Libraries\NRefactory\ICSharpCode.NRefactory.CSharp\ICSharpCode.NRefactory.CSharp.csproj", "{53DCA265-3C3C-42F9-B647-F72BA678122B}"
EndProject
Project("{FAE04EC0-301F-11D3-BF4B-00C04F79EFBC}") = "ICSharpCode.NRefactory.Xml", "..\Libraries\NRefactory\ICSharpCode.NRefactory.Xml\ICSharpCode.NRefactory.Xml.csproj", "{DC393B66-92ED-4CAD-AB25-CFEF23F3D7C6}"
EndProject
Project("{FAE04EC0-301F-11D3-BF4B-00C04F79EFBC}") = "ICSharpCode.AvalonEdit", "..\Libraries\AvalonEdit\ICSharpCode.AvalonEdit\ICSharpCode.AvalonEdit.csproj", "{6C55B776-26D4-4DB3-A6AB-87E783B2F3D1}"
EndProject
Project("{FAE04EC0-301F-11D3-BF4B-00C04F79EFBC}") = "ICSharpCode.TreeView", "..\Libraries\SharpTreeView\ICSharpCode.TreeView\ICSharpCode.TreeView.csproj", "{DDE2A481-8271-4EAC-A330-8FA6A38D13D1}"
EndProject
Project("{2150E333-8FDC-42A3-9474-1A3956D46DE8}") = "AddIns", "AddIns", "{39327899-ED91-4F7F-988C-4FE4E17C014D}"
EndProject
Project("{2150E333-8FDC-42A3-9474-1A3956D46DE8}") = "Language Bindings", "Language Bindings", "{E0646C25-36F2-4524-969F-FA621353AB94}"
EndProject
Project("{FAE04EC0-301F-11D3-BF4B-00C04F79EFBC}") = "CSharpBinding", "..\AddIns\BackendBindings\CSharpBinding\Project\CSharpBinding.csproj", "{1F1AC7CD-D154-45BB-8EAF-804CA8055F5A}"
EndProject
Project("{2150E333-8FDC-42A3-9474-1A3956D46DE8}") = "Misc", "Misc", "{F3662720-9EA2-4591-BBC6-97361DCE50A9}"
EndProject
Project("{FAE04EC0-301F-11D3-BF4B-00C04F79EFBC}") = "AvalonEdit.AddIn", "..\AddIns\DisplayBindings\AvalonEdit.AddIn\AvalonEdit.AddIn.csproj", "{0162E499-42D0-409B-AA25-EED21F75336B}"
EndProject
Project("{2150E333-8FDC-42A3-9474-1A3956D46DE8}") = "Analysis", "Analysis", "{7019F43E-DFD7-4D1C-8C96-E75D55646DE7}"
EndProject
Project("{2150E333-8FDC-42A3-9474-1A3956D46DE8}") = "Debugger", "Debugger", "{49CE38B8-0460-46BF-9DFF-5B33A0F9EB5E}"
EndProject
Project("{FAE04EC0-301F-11D3-BF4B-00C04F79EFBC}") = "Shaman.AvalonEdit", "Shaman.AvalonEdit.csproj", "{C41E25B1-1B0C-4B50-BC0A-6826BFDA3714}"
EndProject
Project("{FAE04EC0-301F-11D3-BF4B-00C04F79EFBC}") = "Mono.Cecil", "..\Libraries\cecil\Mono.Cecil.csproj", "{D68133BD-1E63-496E-9EDE-4FBDBF77B486}"
EndProject
Project("{FAE04EC0-301F-11D3-BF4B-00C04F79EFBC}") = "ICSharpCode.NRefactory.Cecil", "..\Libraries\NRefactory\ICSharpCode.NRefactory.Cecil\ICSharpCode.NRefactory.Cecil.csproj", "{2B8F4F83-C2B3-4E84-A27B-8DEE1BE0E006}"
EndProject
Project("{FAE04EC0-301F-11D3-BF4B-00C04F79EFBC}") = "ICSharpCode.NRefactory.CSharp.Refactoring", "..\Libraries\NRefactory\ICSharpCode.NRefactory.CSharp.Refactoring\ICSharpCode.NRefactory.CSharp.Refactoring.csproj", "{2A705FC6-1A9E-4941-9E47-254D79F2D9D5}"
EndProject
Global
	GlobalSection(SolutionConfigurationPlatforms) = preSolution
		Debug|Any CPU = Debug|Any CPU
		Debug|x86 = Debug|x86
		net_2_0_Release|Any CPU = net_2_0_Release|Any CPU
		net_2_0_Release|x86 = net_2_0_Release|x86
		net_3_5_Debug|Any CPU = net_3_5_Debug|Any CPU
		net_3_5_Debug|x86 = net_3_5_Debug|x86
		net_3_5_Release|Any CPU = net_3_5_Release|Any CPU
		net_3_5_Release|x86 = net_3_5_Release|x86
		net_4_0_Debug|Any CPU = net_4_0_Debug|Any CPU
		net_4_0_Debug|x86 = net_4_0_Debug|x86
		net_4_0_Release|Any CPU = net_4_0_Release|Any CPU
		net_4_0_Release|x86 = net_4_0_Release|x86
		net_4_5_Debug|Any CPU = net_4_5_Debug|Any CPU
		net_4_5_Debug|x86 = net_4_5_Debug|x86
		net_4_5_Release|Any CPU = net_4_5_Release|Any CPU
		net_4_5_Release|x86 = net_4_5_Release|x86
		pcl_Debug|Any CPU = pcl_Debug|Any CPU
		pcl_Debug|x86 = pcl_Debug|x86
		pcl_Release|Any CPU = pcl_Release|Any CPU
		pcl_Release|x86 = pcl_Release|x86
		Release|Any CPU = Release|Any CPU
		Release|x86 = Release|x86
	EndGlobalSection
	GlobalSection(ProjectConfigurationPlatforms) = postSolution
		{35CEF10F-2D4C-45F2-9DD1-161E0FEC583C}.Debug|Any CPU.ActiveCfg = Debug|Any CPU
		{35CEF10F-2D4C-45F2-9DD1-161E0FEC583C}.Debug|Any CPU.Build.0 = Debug|Any CPU
		{35CEF10F-2D4C-45F2-9DD1-161E0FEC583C}.Debug|x86.ActiveCfg = Debug|Any CPU
		{35CEF10F-2D4C-45F2-9DD1-161E0FEC583C}.Debug|x86.Build.0 = Debug|Any CPU
		{35CEF10F-2D4C-45F2-9DD1-161E0FEC583C}.net_2_0_Release|Any CPU.ActiveCfg = Release|Any CPU
		{35CEF10F-2D4C-45F2-9DD1-161E0FEC583C}.net_2_0_Release|Any CPU.Build.0 = Release|Any CPU
		{35CEF10F-2D4C-45F2-9DD1-161E0FEC583C}.net_2_0_Release|x86.ActiveCfg = Release|Any CPU
		{35CEF10F-2D4C-45F2-9DD1-161E0FEC583C}.net_2_0_Release|x86.Build.0 = Release|Any CPU
		{35CEF10F-2D4C-45F2-9DD1-161E0FEC583C}.net_3_5_Debug|Any CPU.ActiveCfg = Debug|Any CPU
		{35CEF10F-2D4C-45F2-9DD1-161E0FEC583C}.net_3_5_Debug|Any CPU.Build.0 = Debug|Any CPU
		{35CEF10F-2D4C-45F2-9DD1-161E0FEC583C}.net_3_5_Debug|x86.ActiveCfg = Debug|Any CPU
		{35CEF10F-2D4C-45F2-9DD1-161E0FEC583C}.net_3_5_Debug|x86.Build.0 = Debug|Any CPU
		{35CEF10F-2D4C-45F2-9DD1-161E0FEC583C}.net_3_5_Release|Any CPU.ActiveCfg = Release|Any CPU
		{35CEF10F-2D4C-45F2-9DD1-161E0FEC583C}.net_3_5_Release|Any CPU.Build.0 = Release|Any CPU
		{35CEF10F-2D4C-45F2-9DD1-161E0FEC583C}.net_3_5_Release|x86.ActiveCfg = Release|Any CPU
		{35CEF10F-2D4C-45F2-9DD1-161E0FEC583C}.net_3_5_Release|x86.Build.0 = Release|Any CPU
		{35CEF10F-2D4C-45F2-9DD1-161E0FEC583C}.net_4_0_Debug|Any CPU.ActiveCfg = Debug|Any CPU
		{35CEF10F-2D4C-45F2-9DD1-161E0FEC583C}.net_4_0_Debug|Any CPU.Build.0 = Debug|Any CPU
		{35CEF10F-2D4C-45F2-9DD1-161E0FEC583C}.net_4_0_Debug|x86.ActiveCfg = Debug|Any CPU
		{35CEF10F-2D4C-45F2-9DD1-161E0FEC583C}.net_4_0_Debug|x86.Build.0 = Debug|Any CPU
		{35CEF10F-2D4C-45F2-9DD1-161E0FEC583C}.net_4_0_Release|Any CPU.ActiveCfg = Release|Any CPU
		{35CEF10F-2D4C-45F2-9DD1-161E0FEC583C}.net_4_0_Release|Any CPU.Build.0 = Release|Any CPU
		{35CEF10F-2D4C-45F2-9DD1-161E0FEC583C}.net_4_0_Release|x86.ActiveCfg = Release|Any CPU
		{35CEF10F-2D4C-45F2-9DD1-161E0FEC583C}.net_4_0_Release|x86.Build.0 = Release|Any CPU
		{35CEF10F-2D4C-45F2-9DD1-161E0FEC583C}.net_4_5_Debug|Any CPU.ActiveCfg = Debug|Any CPU
		{35CEF10F-2D4C-45F2-9DD1-161E0FEC583C}.net_4_5_Debug|Any CPU.Build.0 = Debug|Any CPU
		{35CEF10F-2D4C-45F2-9DD1-161E0FEC583C}.net_4_5_Debug|x86.ActiveCfg = Debug|Any CPU
		{35CEF10F-2D4C-45F2-9DD1-161E0FEC583C}.net_4_5_Debug|x86.Build.0 = Debug|Any CPU
		{35CEF10F-2D4C-45F2-9DD1-161E0FEC583C}.net_4_5_Release|Any CPU.ActiveCfg = Release|Any CPU
		{35CEF10F-2D4C-45F2-9DD1-161E0FEC583C}.net_4_5_Release|Any CPU.Build.0 = Release|Any CPU
		{35CEF10F-2D4C-45F2-9DD1-161E0FEC583C}.net_4_5_Release|x86.ActiveCfg = Release|Any CPU
		{35CEF10F-2D4C-45F2-9DD1-161E0FEC583C}.net_4_5_Release|x86.Build.0 = Release|Any CPU
		{35CEF10F-2D4C-45F2-9DD1-161E0FEC583C}.pcl_Debug|Any CPU.ActiveCfg = Debug|Any CPU
		{35CEF10F-2D4C-45F2-9DD1-161E0FEC583C}.pcl_Debug|Any CPU.Build.0 = Debug|Any CPU
		{35CEF10F-2D4C-45F2-9DD1-161E0FEC583C}.pcl_Debug|x86.ActiveCfg = Debug|Any CPU
		{35CEF10F-2D4C-45F2-9DD1-161E0FEC583C}.pcl_Debug|x86.Build.0 = Debug|Any CPU
		{35CEF10F-2D4C-45F2-9DD1-161E0FEC583C}.pcl_Release|Any CPU.ActiveCfg = Release|Any CPU
		{35CEF10F-2D4C-45F2-9DD1-161E0FEC583C}.pcl_Release|Any CPU.Build.0 = Release|Any CPU
		{35CEF10F-2D4C-45F2-9DD1-161E0FEC583C}.pcl_Release|x86.ActiveCfg = Release|Any CPU
		{35CEF10F-2D4C-45F2-9DD1-161E0FEC583C}.pcl_Release|x86.Build.0 = Release|Any CPU
		{35CEF10F-2D4C-45F2-9DD1-161E0FEC583C}.Release|Any CPU.ActiveCfg = Release|Any CPU
		{35CEF10F-2D4C-45F2-9DD1-161E0FEC583C}.Release|Any CPU.Build.0 = Release|Any CPU
		{35CEF10F-2D4C-45F2-9DD1-161E0FEC583C}.Release|x86.ActiveCfg = Release|Any CPU
		{35CEF10F-2D4C-45F2-9DD1-161E0FEC583C}.Release|x86.Build.0 = Release|Any CPU
		{7E4A7172-7FF5-48D0-B719-7CD959DD1AC9}.Debug|Any CPU.ActiveCfg = Debug|Any CPU
		{7E4A7172-7FF5-48D0-B719-7CD959DD1AC9}.Debug|Any CPU.Build.0 = Debug|Any CPU
		{7E4A7172-7FF5-48D0-B719-7CD959DD1AC9}.Debug|x86.ActiveCfg = Debug|Any CPU
		{7E4A7172-7FF5-48D0-B719-7CD959DD1AC9}.Debug|x86.Build.0 = Debug|Any CPU
		{7E4A7172-7FF5-48D0-B719-7CD959DD1AC9}.net_2_0_Release|Any CPU.ActiveCfg = Release|Any CPU
		{7E4A7172-7FF5-48D0-B719-7CD959DD1AC9}.net_2_0_Release|Any CPU.Build.0 = Release|Any CPU
		{7E4A7172-7FF5-48D0-B719-7CD959DD1AC9}.net_2_0_Release|x86.ActiveCfg = Release|Any CPU
		{7E4A7172-7FF5-48D0-B719-7CD959DD1AC9}.net_2_0_Release|x86.Build.0 = Release|Any CPU
		{7E4A7172-7FF5-48D0-B719-7CD959DD1AC9}.net_3_5_Debug|Any CPU.ActiveCfg = Debug|Any CPU
		{7E4A7172-7FF5-48D0-B719-7CD959DD1AC9}.net_3_5_Debug|Any CPU.Build.0 = Debug|Any CPU
		{7E4A7172-7FF5-48D0-B719-7CD959DD1AC9}.net_3_5_Debug|x86.ActiveCfg = Debug|Any CPU
		{7E4A7172-7FF5-48D0-B719-7CD959DD1AC9}.net_3_5_Debug|x86.Build.0 = Debug|Any CPU
		{7E4A7172-7FF5-48D0-B719-7CD959DD1AC9}.net_3_5_Release|Any CPU.ActiveCfg = Release|Any CPU
		{7E4A7172-7FF5-48D0-B719-7CD959DD1AC9}.net_3_5_Release|Any CPU.Build.0 = Release|Any CPU
		{7E4A7172-7FF5-48D0-B719-7CD959DD1AC9}.net_3_5_Release|x86.ActiveCfg = Release|Any CPU
		{7E4A7172-7FF5-48D0-B719-7CD959DD1AC9}.net_3_5_Release|x86.Build.0 = Release|Any CPU
		{7E4A7172-7FF5-48D0-B719-7CD959DD1AC9}.net_4_0_Debug|Any CPU.ActiveCfg = Debug|Any CPU
		{7E4A7172-7FF5-48D0-B719-7CD959DD1AC9}.net_4_0_Debug|Any CPU.Build.0 = Debug|Any CPU
		{7E4A7172-7FF5-48D0-B719-7CD959DD1AC9}.net_4_0_Debug|x86.ActiveCfg = Debug|Any CPU
		{7E4A7172-7FF5-48D0-B719-7CD959DD1AC9}.net_4_0_Debug|x86.Build.0 = Debug|Any CPU
		{7E4A7172-7FF5-48D0-B719-7CD959DD1AC9}.net_4_0_Release|Any CPU.ActiveCfg = Release|Any CPU
		{7E4A7172-7FF5-48D0-B719-7CD959DD1AC9}.net_4_0_Release|Any CPU.Build.0 = Release|Any CPU
		{7E4A7172-7FF5-48D0-B719-7CD959DD1AC9}.net_4_0_Release|x86.ActiveCfg = Release|Any CPU
		{7E4A7172-7FF5-48D0-B719-7CD959DD1AC9}.net_4_0_Release|x86.Build.0 = Release|Any CPU
		{7E4A7172-7FF5-48D0-B719-7CD959DD1AC9}.net_4_5_Debug|Any CPU.ActiveCfg = Debug|Any CPU
		{7E4A7172-7FF5-48D0-B719-7CD959DD1AC9}.net_4_5_Debug|Any CPU.Build.0 = Debug|Any CPU
		{7E4A7172-7FF5-48D0-B719-7CD959DD1AC9}.net_4_5_Debug|x86.ActiveCfg = Debug|Any CPU
		{7E4A7172-7FF5-48D0-B719-7CD959DD1AC9}.net_4_5_Debug|x86.Build.0 = Debug|Any CPU
		{7E4A7172-7FF5-48D0-B719-7CD959DD1AC9}.net_4_5_Release|Any CPU.ActiveCfg = Release|Any CPU
		{7E4A7172-7FF5-48D0-B719-7CD959DD1AC9}.net_4_5_Release|Any CPU.Build.0 = Release|Any CPU
		{7E4A7172-7FF5-48D0-B719-7CD959DD1AC9}.net_4_5_Release|x86.ActiveCfg = Release|Any CPU
		{7E4A7172-7FF5-48D0-B719-7CD959DD1AC9}.net_4_5_Release|x86.Build.0 = Release|Any CPU
		{7E4A7172-7FF5-48D0-B719-7CD959DD1AC9}.pcl_Debug|Any CPU.ActiveCfg = Debug|Any CPU
		{7E4A7172-7FF5-48D0-B719-7CD959DD1AC9}.pcl_Debug|Any CPU.Build.0 = Debug|Any CPU
		{7E4A7172-7FF5-48D0-B719-7CD959DD1AC9}.pcl_Debug|x86.ActiveCfg = Debug|Any CPU
		{7E4A7172-7FF5-48D0-B719-7CD959DD1AC9}.pcl_Debug|x86.Build.0 = Debug|Any CPU
		{7E4A7172-7FF5-48D0-B719-7CD959DD1AC9}.pcl_Release|Any CPU.ActiveCfg = Release|Any CPU
		{7E4A7172-7FF5-48D0-B719-7CD959DD1AC9}.pcl_Release|Any CPU.Build.0 = Release|Any CPU
		{7E4A7172-7FF5-48D0-B719-7CD959DD1AC9}.pcl_Release|x86.ActiveCfg = Release|Any CPU
		{7E4A7172-7FF5-48D0-B719-7CD959DD1AC9}.pcl_Release|x86.Build.0 = Release|Any CPU
		{7E4A7172-7FF5-48D0-B719-7CD959DD1AC9}.Release|Any CPU.ActiveCfg = Release|Any CPU
		{7E4A7172-7FF5-48D0-B719-7CD959DD1AC9}.Release|Any CPU.Build.0 = Release|Any CPU
		{7E4A7172-7FF5-48D0-B719-7CD959DD1AC9}.Release|x86.ActiveCfg = Release|Any CPU
		{7E4A7172-7FF5-48D0-B719-7CD959DD1AC9}.Release|x86.Build.0 = Release|Any CPU
		{857CA1A3-FC88-4BE0-AB6A-D1EE772AB288}.Debug|Any CPU.ActiveCfg = Debug|Any CPU
		{857CA1A3-FC88-4BE0-AB6A-D1EE772AB288}.Debug|Any CPU.Build.0 = Debug|Any CPU
		{857CA1A3-FC88-4BE0-AB6A-D1EE772AB288}.Debug|x86.ActiveCfg = Debug|Any CPU
		{857CA1A3-FC88-4BE0-AB6A-D1EE772AB288}.Debug|x86.Build.0 = Debug|Any CPU
		{857CA1A3-FC88-4BE0-AB6A-D1EE772AB288}.net_2_0_Release|Any CPU.ActiveCfg = Release|Any CPU
		{857CA1A3-FC88-4BE0-AB6A-D1EE772AB288}.net_2_0_Release|Any CPU.Build.0 = Release|Any CPU
		{857CA1A3-FC88-4BE0-AB6A-D1EE772AB288}.net_2_0_Release|x86.ActiveCfg = Release|Any CPU
		{857CA1A3-FC88-4BE0-AB6A-D1EE772AB288}.net_2_0_Release|x86.Build.0 = Release|Any CPU
		{857CA1A3-FC88-4BE0-AB6A-D1EE772AB288}.net_3_5_Debug|Any CPU.ActiveCfg = Debug|Any CPU
		{857CA1A3-FC88-4BE0-AB6A-D1EE772AB288}.net_3_5_Debug|Any CPU.Build.0 = Debug|Any CPU
		{857CA1A3-FC88-4BE0-AB6A-D1EE772AB288}.net_3_5_Debug|x86.ActiveCfg = Debug|Any CPU
		{857CA1A3-FC88-4BE0-AB6A-D1EE772AB288}.net_3_5_Debug|x86.Build.0 = Debug|Any CPU
		{857CA1A3-FC88-4BE0-AB6A-D1EE772AB288}.net_3_5_Release|Any CPU.ActiveCfg = Release|Any CPU
		{857CA1A3-FC88-4BE0-AB6A-D1EE772AB288}.net_3_5_Release|Any CPU.Build.0 = Release|Any CPU
		{857CA1A3-FC88-4BE0-AB6A-D1EE772AB288}.net_3_5_Release|x86.ActiveCfg = Release|Any CPU
		{857CA1A3-FC88-4BE0-AB6A-D1EE772AB288}.net_3_5_Release|x86.Build.0 = Release|Any CPU
		{857CA1A3-FC88-4BE0-AB6A-D1EE772AB288}.net_4_0_Debug|Any CPU.ActiveCfg = Debug|Any CPU
		{857CA1A3-FC88-4BE0-AB6A-D1EE772AB288}.net_4_0_Debug|Any CPU.Build.0 = Debug|Any CPU
		{857CA1A3-FC88-4BE0-AB6A-D1EE772AB288}.net_4_0_Debug|x86.ActiveCfg = Debug|Any CPU
		{857CA1A3-FC88-4BE0-AB6A-D1EE772AB288}.net_4_0_Debug|x86.Build.0 = Debug|Any CPU
		{857CA1A3-FC88-4BE0-AB6A-D1EE772AB288}.net_4_0_Release|Any CPU.ActiveCfg = Release|Any CPU
		{857CA1A3-FC88-4BE0-AB6A-D1EE772AB288}.net_4_0_Release|Any CPU.Build.0 = Release|Any CPU
		{857CA1A3-FC88-4BE0-AB6A-D1EE772AB288}.net_4_0_Release|x86.ActiveCfg = Release|Any CPU
		{857CA1A3-FC88-4BE0-AB6A-D1EE772AB288}.net_4_0_Release|x86.Build.0 = Release|Any CPU
		{857CA1A3-FC88-4BE0-AB6A-D1EE772AB288}.net_4_5_Debug|Any CPU.ActiveCfg = Debug|Any CPU
		{857CA1A3-FC88-4BE0-AB6A-D1EE772AB288}.net_4_5_Debug|Any CPU.Build.0 = Debug|Any CPU
		{857CA1A3-FC88-4BE0-AB6A-D1EE772AB288}.net_4_5_Debug|x86.ActiveCfg = Debug|Any CPU
		{857CA1A3-FC88-4BE0-AB6A-D1EE772AB288}.net_4_5_Debug|x86.Build.0 = Debug|Any CPU
		{857CA1A3-FC88-4BE0-AB6A-D1EE772AB288}.net_4_5_Release|Any CPU.ActiveCfg = Release|Any CPU
		{857CA1A3-FC88-4BE0-AB6A-D1EE772AB288}.net_4_5_Release|Any CPU.Build.0 = Release|Any CPU
		{857CA1A3-FC88-4BE0-AB6A-D1EE772AB288}.net_4_5_Release|x86.ActiveCfg = Release|Any CPU
		{857CA1A3-FC88-4BE0-AB6A-D1EE772AB288}.net_4_5_Release|x86.Build.0 = Release|Any CPU
		{857CA1A3-FC88-4BE0-AB6A-D1EE772AB288}.pcl_Debug|Any CPU.ActiveCfg = Debug|Any CPU
		{857CA1A3-FC88-4BE0-AB6A-D1EE772AB288}.pcl_Debug|Any CPU.Build.0 = Debug|Any CPU
		{857CA1A3-FC88-4BE0-AB6A-D1EE772AB288}.pcl_Debug|x86.ActiveCfg = Debug|Any CPU
		{857CA1A3-FC88-4BE0-AB6A-D1EE772AB288}.pcl_Debug|x86.Build.0 = Debug|Any CPU
		{857CA1A3-FC88-4BE0-AB6A-D1EE772AB288}.pcl_Release|Any CPU.ActiveCfg = Release|Any CPU
		{857CA1A3-FC88-4BE0-AB6A-D1EE772AB288}.pcl_Release|Any CPU.Build.0 = Release|Any CPU
		{857CA1A3-FC88-4BE0-AB6A-D1EE772AB288}.pcl_Release|x86.ActiveCfg = Release|Any CPU
		{857CA1A3-FC88-4BE0-AB6A-D1EE772AB288}.pcl_Release|x86.Build.0 = Release|Any CPU
		{857CA1A3-FC88-4BE0-AB6A-D1EE772AB288}.Release|Any CPU.ActiveCfg = Release|Any CPU
		{857CA1A3-FC88-4BE0-AB6A-D1EE772AB288}.Release|Any CPU.Build.0 = Release|Any CPU
		{857CA1A3-FC88-4BE0-AB6A-D1EE772AB288}.Release|x86.ActiveCfg = Release|Any CPU
		{857CA1A3-FC88-4BE0-AB6A-D1EE772AB288}.Release|x86.Build.0 = Release|Any CPU
		{2748AD25-9C63-4E12-877B-4DCE96FBED54}.Debug|Any CPU.ActiveCfg = Debug|Any CPU
		{2748AD25-9C63-4E12-877B-4DCE96FBED54}.Debug|Any CPU.Build.0 = Debug|Any CPU
		{2748AD25-9C63-4E12-877B-4DCE96FBED54}.Debug|x86.ActiveCfg = Debug|Any CPU
		{2748AD25-9C63-4E12-877B-4DCE96FBED54}.Debug|x86.Build.0 = Debug|Any CPU
		{2748AD25-9C63-4E12-877B-4DCE96FBED54}.net_2_0_Release|Any CPU.ActiveCfg = Release|Any CPU
		{2748AD25-9C63-4E12-877B-4DCE96FBED54}.net_2_0_Release|Any CPU.Build.0 = Release|Any CPU
		{2748AD25-9C63-4E12-877B-4DCE96FBED54}.net_2_0_Release|x86.ActiveCfg = Release|Any CPU
		{2748AD25-9C63-4E12-877B-4DCE96FBED54}.net_2_0_Release|x86.Build.0 = Release|Any CPU
		{2748AD25-9C63-4E12-877B-4DCE96FBED54}.net_3_5_Debug|Any CPU.ActiveCfg = Debug|Any CPU
		{2748AD25-9C63-4E12-877B-4DCE96FBED54}.net_3_5_Debug|Any CPU.Build.0 = Debug|Any CPU
		{2748AD25-9C63-4E12-877B-4DCE96FBED54}.net_3_5_Debug|x86.ActiveCfg = Debug|Any CPU
		{2748AD25-9C63-4E12-877B-4DCE96FBED54}.net_3_5_Debug|x86.Build.0 = Debug|Any CPU
		{2748AD25-9C63-4E12-877B-4DCE96FBED54}.net_3_5_Release|Any CPU.ActiveCfg = Release|Any CPU
		{2748AD25-9C63-4E12-877B-4DCE96FBED54}.net_3_5_Release|Any CPU.Build.0 = Release|Any CPU
		{2748AD25-9C63-4E12-877B-4DCE96FBED54}.net_3_5_Release|x86.ActiveCfg = Release|Any CPU
		{2748AD25-9C63-4E12-877B-4DCE96FBED54}.net_3_5_Release|x86.Build.0 = Release|Any CPU
		{2748AD25-9C63-4E12-877B-4DCE96FBED54}.net_4_0_Debug|Any CPU.ActiveCfg = Debug|Any CPU
		{2748AD25-9C63-4E12-877B-4DCE96FBED54}.net_4_0_Debug|Any CPU.Build.0 = Debug|Any CPU
		{2748AD25-9C63-4E12-877B-4DCE96FBED54}.net_4_0_Debug|x86.ActiveCfg = Debug|Any CPU
		{2748AD25-9C63-4E12-877B-4DCE96FBED54}.net_4_0_Debug|x86.Build.0 = Debug|Any CPU
		{2748AD25-9C63-4E12-877B-4DCE96FBED54}.net_4_0_Release|Any CPU.ActiveCfg = Release|Any CPU
		{2748AD25-9C63-4E12-877B-4DCE96FBED54}.net_4_0_Release|Any CPU.Build.0 = Release|Any CPU
		{2748AD25-9C63-4E12-877B-4DCE96FBED54}.net_4_0_Release|x86.ActiveCfg = Release|Any CPU
		{2748AD25-9C63-4E12-877B-4DCE96FBED54}.net_4_0_Release|x86.Build.0 = Release|Any CPU
		{2748AD25-9C63-4E12-877B-4DCE96FBED54}.net_4_5_Debug|Any CPU.ActiveCfg = Debug|Any CPU
		{2748AD25-9C63-4E12-877B-4DCE96FBED54}.net_4_5_Debug|Any CPU.Build.0 = Debug|Any CPU
		{2748AD25-9C63-4E12-877B-4DCE96FBED54}.net_4_5_Debug|x86.ActiveCfg = Debug|Any CPU
		{2748AD25-9C63-4E12-877B-4DCE96FBED54}.net_4_5_Debug|x86.Build.0 = Debug|Any CPU
		{2748AD25-9C63-4E12-877B-4DCE96FBED54}.net_4_5_Release|Any CPU.ActiveCfg = Release|Any CPU
		{2748AD25-9C63-4E12-877B-4DCE96FBED54}.net_4_5_Release|Any CPU.Build.0 = Release|Any CPU
		{2748AD25-9C63-4E12-877B-4DCE96FBED54}.net_4_5_Release|x86.ActiveCfg = Release|Any CPU
		{2748AD25-9C63-4E12-877B-4DCE96FBED54}.net_4_5_Release|x86.Build.0 = Release|Any CPU
		{2748AD25-9C63-4E12-877B-4DCE96FBED54}.pcl_Debug|Any CPU.ActiveCfg = Debug|Any CPU
		{2748AD25-9C63-4E12-877B-4DCE96FBED54}.pcl_Debug|Any CPU.Build.0 = Debug|Any CPU
		{2748AD25-9C63-4E12-877B-4DCE96FBED54}.pcl_Debug|x86.ActiveCfg = Debug|Any CPU
		{2748AD25-9C63-4E12-877B-4DCE96FBED54}.pcl_Debug|x86.Build.0 = Debug|Any CPU
		{2748AD25-9C63-4E12-877B-4DCE96FBED54}.pcl_Release|Any CPU.ActiveCfg = Release|Any CPU
		{2748AD25-9C63-4E12-877B-4DCE96FBED54}.pcl_Release|Any CPU.Build.0 = Release|Any CPU
		{2748AD25-9C63-4E12-877B-4DCE96FBED54}.pcl_Release|x86.ActiveCfg = Release|Any CPU
		{2748AD25-9C63-4E12-877B-4DCE96FBED54}.pcl_Release|x86.Build.0 = Release|Any CPU
		{2748AD25-9C63-4E12-877B-4DCE96FBED54}.Release|Any CPU.ActiveCfg = Release|Any CPU
		{2748AD25-9C63-4E12-877B-4DCE96FBED54}.Release|Any CPU.Build.0 = Release|Any CPU
		{2748AD25-9C63-4E12-877B-4DCE96FBED54}.Release|x86.ActiveCfg = Release|Any CPU
		{2748AD25-9C63-4E12-877B-4DCE96FBED54}.Release|x86.Build.0 = Release|Any CPU
		{8035765F-D51F-4A0C-A746-2FD100E19419}.Debug|Any CPU.ActiveCfg = Debug|Any CPU
		{8035765F-D51F-4A0C-A746-2FD100E19419}.Debug|Any CPU.Build.0 = Debug|Any CPU
		{8035765F-D51F-4A0C-A746-2FD100E19419}.Debug|x86.ActiveCfg = Debug|Any CPU
		{8035765F-D51F-4A0C-A746-2FD100E19419}.Debug|x86.Build.0 = Debug|Any CPU
		{8035765F-D51F-4A0C-A746-2FD100E19419}.net_2_0_Release|Any CPU.ActiveCfg = Release|Any CPU
		{8035765F-D51F-4A0C-A746-2FD100E19419}.net_2_0_Release|Any CPU.Build.0 = Release|Any CPU
		{8035765F-D51F-4A0C-A746-2FD100E19419}.net_2_0_Release|x86.ActiveCfg = Release|Any CPU
		{8035765F-D51F-4A0C-A746-2FD100E19419}.net_2_0_Release|x86.Build.0 = Release|Any CPU
		{8035765F-D51F-4A0C-A746-2FD100E19419}.net_3_5_Debug|Any CPU.ActiveCfg = Debug|Any CPU
		{8035765F-D51F-4A0C-A746-2FD100E19419}.net_3_5_Debug|Any CPU.Build.0 = Debug|Any CPU
		{8035765F-D51F-4A0C-A746-2FD100E19419}.net_3_5_Debug|x86.ActiveCfg = Debug|Any CPU
		{8035765F-D51F-4A0C-A746-2FD100E19419}.net_3_5_Debug|x86.Build.0 = Debug|Any CPU
		{8035765F-D51F-4A0C-A746-2FD100E19419}.net_3_5_Release|Any CPU.ActiveCfg = Release|Any CPU
		{8035765F-D51F-4A0C-A746-2FD100E19419}.net_3_5_Release|Any CPU.Build.0 = Release|Any CPU
		{8035765F-D51F-4A0C-A746-2FD100E19419}.net_3_5_Release|x86.ActiveCfg = Release|Any CPU
		{8035765F-D51F-4A0C-A746-2FD100E19419}.net_3_5_Release|x86.Build.0 = Release|Any CPU
		{8035765F-D51F-4A0C-A746-2FD100E19419}.net_4_0_Debug|Any CPU.ActiveCfg = Debug|Any CPU
		{8035765F-D51F-4A0C-A746-2FD100E19419}.net_4_0_Debug|Any CPU.Build.0 = Debug|Any CPU
		{8035765F-D51F-4A0C-A746-2FD100E19419}.net_4_0_Debug|x86.ActiveCfg = Debug|Any CPU
		{8035765F-D51F-4A0C-A746-2FD100E19419}.net_4_0_Debug|x86.Build.0 = Debug|Any CPU
		{8035765F-D51F-4A0C-A746-2FD100E19419}.net_4_0_Release|Any CPU.ActiveCfg = Release|Any CPU
		{8035765F-D51F-4A0C-A746-2FD100E19419}.net_4_0_Release|Any CPU.Build.0 = Release|Any CPU
		{8035765F-D51F-4A0C-A746-2FD100E19419}.net_4_0_Release|x86.ActiveCfg = Release|Any CPU
		{8035765F-D51F-4A0C-A746-2FD100E19419}.net_4_0_Release|x86.Build.0 = Release|Any CPU
		{8035765F-D51F-4A0C-A746-2FD100E19419}.net_4_5_Debug|Any CPU.ActiveCfg = Debug|Any CPU
		{8035765F-D51F-4A0C-A746-2FD100E19419}.net_4_5_Debug|Any CPU.Build.0 = Debug|Any CPU
		{8035765F-D51F-4A0C-A746-2FD100E19419}.net_4_5_Debug|x86.ActiveCfg = Debug|Any CPU
		{8035765F-D51F-4A0C-A746-2FD100E19419}.net_4_5_Debug|x86.Build.0 = Debug|Any CPU
		{8035765F-D51F-4A0C-A746-2FD100E19419}.net_4_5_Release|Any CPU.ActiveCfg = Release|Any CPU
		{8035765F-D51F-4A0C-A746-2FD100E19419}.net_4_5_Release|Any CPU.Build.0 = Release|Any CPU
		{8035765F-D51F-4A0C-A746-2FD100E19419}.net_4_5_Release|x86.ActiveCfg = Release|Any CPU
		{8035765F-D51F-4A0C-A746-2FD100E19419}.net_4_5_Release|x86.Build.0 = Release|Any CPU
		{8035765F-D51F-4A0C-A746-2FD100E19419}.pcl_Debug|Any CPU.ActiveCfg = Debug|Any CPU
		{8035765F-D51F-4A0C-A746-2FD100E19419}.pcl_Debug|Any CPU.Build.0 = Debug|Any CPU
		{8035765F-D51F-4A0C-A746-2FD100E19419}.pcl_Debug|x86.ActiveCfg = Debug|Any CPU
		{8035765F-D51F-4A0C-A746-2FD100E19419}.pcl_Debug|x86.Build.0 = Debug|Any CPU
		{8035765F-D51F-4A0C-A746-2FD100E19419}.pcl_Release|Any CPU.ActiveCfg = Release|Any CPU
		{8035765F-D51F-4A0C-A746-2FD100E19419}.pcl_Release|Any CPU.Build.0 = Release|Any CPU
		{8035765F-D51F-4A0C-A746-2FD100E19419}.pcl_Release|x86.ActiveCfg = Release|Any CPU
		{8035765F-D51F-4A0C-A746-2FD100E19419}.pcl_Release|x86.Build.0 = Release|Any CPU
		{8035765F-D51F-4A0C-A746-2FD100E19419}.Release|Any CPU.ActiveCfg = Release|Any CPU
		{8035765F-D51F-4A0C-A746-2FD100E19419}.Release|Any CPU.Build.0 = Release|Any CPU
		{8035765F-D51F-4A0C-A746-2FD100E19419}.Release|x86.ActiveCfg = Release|Any CPU
		{8035765F-D51F-4A0C-A746-2FD100E19419}.Release|x86.Build.0 = Release|Any CPU
		{3B2A5653-EC97-4001-BB9B-D90F1AF2C371}.Debug|Any CPU.ActiveCfg = net_4_5_Debug|Any CPU
		{3B2A5653-EC97-4001-BB9B-D90F1AF2C371}.Debug|Any CPU.Build.0 = Debug|Any CPU
		{3B2A5653-EC97-4001-BB9B-D90F1AF2C371}.Debug|x86.ActiveCfg = net_4_5_Debug|Any CPU
		{3B2A5653-EC97-4001-BB9B-D90F1AF2C371}.Debug|x86.Build.0 = Debug|Any CPU
		{3B2A5653-EC97-4001-BB9B-D90F1AF2C371}.net_2_0_Release|Any CPU.ActiveCfg = Release|Any CPU
		{3B2A5653-EC97-4001-BB9B-D90F1AF2C371}.net_2_0_Release|Any CPU.Build.0 = Release|Any CPU
		{3B2A5653-EC97-4001-BB9B-D90F1AF2C371}.net_2_0_Release|x86.ActiveCfg = Release|Any CPU
		{3B2A5653-EC97-4001-BB9B-D90F1AF2C371}.net_2_0_Release|x86.Build.0 = Release|Any CPU
		{3B2A5653-EC97-4001-BB9B-D90F1AF2C371}.net_3_5_Debug|Any CPU.ActiveCfg = Debug|Any CPU
		{3B2A5653-EC97-4001-BB9B-D90F1AF2C371}.net_3_5_Debug|Any CPU.Build.0 = Debug|Any CPU
		{3B2A5653-EC97-4001-BB9B-D90F1AF2C371}.net_3_5_Debug|x86.ActiveCfg = Debug|Any CPU
		{3B2A5653-EC97-4001-BB9B-D90F1AF2C371}.net_3_5_Debug|x86.Build.0 = Debug|Any CPU
		{3B2A5653-EC97-4001-BB9B-D90F1AF2C371}.net_3_5_Release|Any CPU.ActiveCfg = Release|Any CPU
		{3B2A5653-EC97-4001-BB9B-D90F1AF2C371}.net_3_5_Release|Any CPU.Build.0 = Release|Any CPU
		{3B2A5653-EC97-4001-BB9B-D90F1AF2C371}.net_3_5_Release|x86.ActiveCfg = Release|Any CPU
		{3B2A5653-EC97-4001-BB9B-D90F1AF2C371}.net_3_5_Release|x86.Build.0 = Release|Any CPU
		{3B2A5653-EC97-4001-BB9B-D90F1AF2C371}.net_4_0_Debug|Any CPU.ActiveCfg = net_4_5_Release|Any CPU
		{3B2A5653-EC97-4001-BB9B-D90F1AF2C371}.net_4_0_Debug|Any CPU.Build.0 = net_4_5_Release|Any CPU
		{3B2A5653-EC97-4001-BB9B-D90F1AF2C371}.net_4_0_Debug|x86.ActiveCfg = net_4_5_Release|Any CPU
		{3B2A5653-EC97-4001-BB9B-D90F1AF2C371}.net_4_0_Debug|x86.Build.0 = net_4_5_Release|Any CPU
		{3B2A5653-EC97-4001-BB9B-D90F1AF2C371}.net_4_0_Release|Any CPU.ActiveCfg = Release|Any CPU
		{3B2A5653-EC97-4001-BB9B-D90F1AF2C371}.net_4_0_Release|Any CPU.Build.0 = Release|Any CPU
		{3B2A5653-EC97-4001-BB9B-D90F1AF2C371}.net_4_0_Release|x86.ActiveCfg = Release|Any CPU
		{3B2A5653-EC97-4001-BB9B-D90F1AF2C371}.net_4_0_Release|x86.Build.0 = Release|Any CPU
		{3B2A5653-EC97-4001-BB9B-D90F1AF2C371}.net_4_5_Debug|Any CPU.ActiveCfg = net_4_5_Debug|Any CPU
		{3B2A5653-EC97-4001-BB9B-D90F1AF2C371}.net_4_5_Debug|Any CPU.Build.0 = net_4_5_Debug|Any CPU
		{3B2A5653-EC97-4001-BB9B-D90F1AF2C371}.net_4_5_Debug|x86.ActiveCfg = net_4_5_Debug|Any CPU
		{3B2A5653-EC97-4001-BB9B-D90F1AF2C371}.net_4_5_Debug|x86.Build.0 = net_4_5_Debug|Any CPU
		{3B2A5653-EC97-4001-BB9B-D90F1AF2C371}.net_4_5_Release|Any CPU.ActiveCfg = net_4_5_Release|Any CPU
		{3B2A5653-EC97-4001-BB9B-D90F1AF2C371}.net_4_5_Release|Any CPU.Build.0 = net_4_5_Release|Any CPU
		{3B2A5653-EC97-4001-BB9B-D90F1AF2C371}.net_4_5_Release|x86.ActiveCfg = net_4_5_Release|Any CPU
		{3B2A5653-EC97-4001-BB9B-D90F1AF2C371}.net_4_5_Release|x86.Build.0 = net_4_5_Release|Any CPU
		{3B2A5653-EC97-4001-BB9B-D90F1AF2C371}.pcl_Debug|Any CPU.ActiveCfg = Debug|Any CPU
		{3B2A5653-EC97-4001-BB9B-D90F1AF2C371}.pcl_Debug|Any CPU.Build.0 = Debug|Any CPU
		{3B2A5653-EC97-4001-BB9B-D90F1AF2C371}.pcl_Debug|x86.ActiveCfg = Debug|Any CPU
		{3B2A5653-EC97-4001-BB9B-D90F1AF2C371}.pcl_Debug|x86.Build.0 = Debug|Any CPU
		{3B2A5653-EC97-4001-BB9B-D90F1AF2C371}.pcl_Release|Any CPU.ActiveCfg = Release|Any CPU
		{3B2A5653-EC97-4001-BB9B-D90F1AF2C371}.pcl_Release|Any CPU.Build.0 = Release|Any CPU
		{3B2A5653-EC97-4001-BB9B-D90F1AF2C371}.pcl_Release|x86.ActiveCfg = Release|Any CPU
		{3B2A5653-EC97-4001-BB9B-D90F1AF2C371}.pcl_Release|x86.Build.0 = Release|Any CPU
		{3B2A5653-EC97-4001-BB9B-D90F1AF2C371}.Release|Any CPU.ActiveCfg = net_4_5_Release|Any CPU
		{3B2A5653-EC97-4001-BB9B-D90F1AF2C371}.Release|Any CPU.Build.0 = Release|Any CPU
		{3B2A5653-EC97-4001-BB9B-D90F1AF2C371}.Release|x86.ActiveCfg = net_4_5_Release|Any CPU
		{3B2A5653-EC97-4001-BB9B-D90F1AF2C371}.Release|x86.Build.0 = Release|Any CPU
		{53DCA265-3C3C-42F9-B647-F72BA678122B}.Debug|Any CPU.ActiveCfg = net_4_5_Debug|Any CPU
		{53DCA265-3C3C-42F9-B647-F72BA678122B}.Debug|Any CPU.Build.0 = Debug|Any CPU
		{53DCA265-3C3C-42F9-B647-F72BA678122B}.Debug|x86.ActiveCfg = net_4_5_Debug|Any CPU
		{53DCA265-3C3C-42F9-B647-F72BA678122B}.Debug|x86.Build.0 = Debug|Any CPU
		{53DCA265-3C3C-42F9-B647-F72BA678122B}.net_2_0_Release|Any CPU.ActiveCfg = Release|Any CPU
		{53DCA265-3C3C-42F9-B647-F72BA678122B}.net_2_0_Release|Any CPU.Build.0 = Release|Any CPU
		{53DCA265-3C3C-42F9-B647-F72BA678122B}.net_2_0_Release|x86.ActiveCfg = Release|Any CPU
		{53DCA265-3C3C-42F9-B647-F72BA678122B}.net_2_0_Release|x86.Build.0 = Release|Any CPU
		{53DCA265-3C3C-42F9-B647-F72BA678122B}.net_3_5_Debug|Any CPU.ActiveCfg = Debug|Any CPU
		{53DCA265-3C3C-42F9-B647-F72BA678122B}.net_3_5_Debug|Any CPU.Build.0 = Debug|Any CPU
		{53DCA265-3C3C-42F9-B647-F72BA678122B}.net_3_5_Debug|x86.ActiveCfg = Debug|Any CPU
		{53DCA265-3C3C-42F9-B647-F72BA678122B}.net_3_5_Debug|x86.Build.0 = Debug|Any CPU
		{53DCA265-3C3C-42F9-B647-F72BA678122B}.net_3_5_Release|Any CPU.ActiveCfg = Release|Any CPU
		{53DCA265-3C3C-42F9-B647-F72BA678122B}.net_3_5_Release|Any CPU.Build.0 = Release|Any CPU
		{53DCA265-3C3C-42F9-B647-F72BA678122B}.net_3_5_Release|x86.ActiveCfg = Release|Any CPU
		{53DCA265-3C3C-42F9-B647-F72BA678122B}.net_3_5_Release|x86.Build.0 = Release|Any CPU
		{53DCA265-3C3C-42F9-B647-F72BA678122B}.net_4_0_Debug|Any CPU.ActiveCfg = net_4_5_Release|Any CPU
		{53DCA265-3C3C-42F9-B647-F72BA678122B}.net_4_0_Debug|Any CPU.Build.0 = net_4_5_Release|Any CPU
		{53DCA265-3C3C-42F9-B647-F72BA678122B}.net_4_0_Debug|x86.ActiveCfg = net_4_5_Release|Any CPU
		{53DCA265-3C3C-42F9-B647-F72BA678122B}.net_4_0_Debug|x86.Build.0 = net_4_5_Release|Any CPU
		{53DCA265-3C3C-42F9-B647-F72BA678122B}.net_4_0_Release|Any CPU.ActiveCfg = Release|Any CPU
		{53DCA265-3C3C-42F9-B647-F72BA678122B}.net_4_0_Release|Any CPU.Build.0 = Release|Any CPU
		{53DCA265-3C3C-42F9-B647-F72BA678122B}.net_4_0_Release|x86.ActiveCfg = Release|Any CPU
		{53DCA265-3C3C-42F9-B647-F72BA678122B}.net_4_0_Release|x86.Build.0 = Release|Any CPU
		{53DCA265-3C3C-42F9-B647-F72BA678122B}.net_4_5_Debug|Any CPU.ActiveCfg = net_4_5_Debug|Any CPU
		{53DCA265-3C3C-42F9-B647-F72BA678122B}.net_4_5_Debug|Any CPU.Build.0 = net_4_5_Debug|Any CPU
		{53DCA265-3C3C-42F9-B647-F72BA678122B}.net_4_5_Debug|x86.ActiveCfg = net_4_5_Debug|Any CPU
		{53DCA265-3C3C-42F9-B647-F72BA678122B}.net_4_5_Debug|x86.Build.0 = net_4_5_Debug|Any CPU
		{53DCA265-3C3C-42F9-B647-F72BA678122B}.net_4_5_Release|Any CPU.ActiveCfg = net_4_5_Release|Any CPU
		{53DCA265-3C3C-42F9-B647-F72BA678122B}.net_4_5_Release|Any CPU.Build.0 = net_4_5_Release|Any CPU
		{53DCA265-3C3C-42F9-B647-F72BA678122B}.net_4_5_Release|x86.ActiveCfg = net_4_5_Release|Any CPU
		{53DCA265-3C3C-42F9-B647-F72BA678122B}.net_4_5_Release|x86.Build.0 = net_4_5_Release|Any CPU
		{53DCA265-3C3C-42F9-B647-F72BA678122B}.pcl_Debug|Any CPU.ActiveCfg = Debug|Any CPU
		{53DCA265-3C3C-42F9-B647-F72BA678122B}.pcl_Debug|Any CPU.Build.0 = Debug|Any CPU
		{53DCA265-3C3C-42F9-B647-F72BA678122B}.pcl_Debug|x86.ActiveCfg = Debug|Any CPU
		{53DCA265-3C3C-42F9-B647-F72BA678122B}.pcl_Debug|x86.Build.0 = Debug|Any CPU
		{53DCA265-3C3C-42F9-B647-F72BA678122B}.pcl_Release|Any CPU.ActiveCfg = Release|Any CPU
		{53DCA265-3C3C-42F9-B647-F72BA678122B}.pcl_Release|Any CPU.Build.0 = Release|Any CPU
		{53DCA265-3C3C-42F9-B647-F72BA678122B}.pcl_Release|x86.ActiveCfg = Release|Any CPU
		{53DCA265-3C3C-42F9-B647-F72BA678122B}.pcl_Release|x86.Build.0 = Release|Any CPU
		{53DCA265-3C3C-42F9-B647-F72BA678122B}.Release|Any CPU.ActiveCfg = net_4_5_Release|Any CPU
		{53DCA265-3C3C-42F9-B647-F72BA678122B}.Release|Any CPU.Build.0 = Release|Any CPU
		{53DCA265-3C3C-42F9-B647-F72BA678122B}.Release|x86.ActiveCfg = net_4_5_Release|Any CPU
		{53DCA265-3C3C-42F9-B647-F72BA678122B}.Release|x86.Build.0 = Release|Any CPU
		{DC393B66-92ED-4CAD-AB25-CFEF23F3D7C6}.Debug|Any CPU.ActiveCfg = net_4_5_Debug|Any CPU
		{DC393B66-92ED-4CAD-AB25-CFEF23F3D7C6}.Debug|Any CPU.Build.0 = Debug|Any CPU
		{DC393B66-92ED-4CAD-AB25-CFEF23F3D7C6}.Debug|x86.ActiveCfg = net_4_5_Debug|Any CPU
		{DC393B66-92ED-4CAD-AB25-CFEF23F3D7C6}.Debug|x86.Build.0 = Debug|Any CPU
		{DC393B66-92ED-4CAD-AB25-CFEF23F3D7C6}.net_2_0_Release|Any CPU.ActiveCfg = Release|Any CPU
		{DC393B66-92ED-4CAD-AB25-CFEF23F3D7C6}.net_2_0_Release|Any CPU.Build.0 = Release|Any CPU
		{DC393B66-92ED-4CAD-AB25-CFEF23F3D7C6}.net_2_0_Release|x86.ActiveCfg = Release|Any CPU
		{DC393B66-92ED-4CAD-AB25-CFEF23F3D7C6}.net_2_0_Release|x86.Build.0 = Release|Any CPU
		{DC393B66-92ED-4CAD-AB25-CFEF23F3D7C6}.net_3_5_Debug|Any CPU.ActiveCfg = Debug|Any CPU
		{DC393B66-92ED-4CAD-AB25-CFEF23F3D7C6}.net_3_5_Debug|Any CPU.Build.0 = Debug|Any CPU
		{DC393B66-92ED-4CAD-AB25-CFEF23F3D7C6}.net_3_5_Debug|x86.ActiveCfg = Debug|Any CPU
		{DC393B66-92ED-4CAD-AB25-CFEF23F3D7C6}.net_3_5_Debug|x86.Build.0 = Debug|Any CPU
		{DC393B66-92ED-4CAD-AB25-CFEF23F3D7C6}.net_3_5_Release|Any CPU.ActiveCfg = Release|Any CPU
		{DC393B66-92ED-4CAD-AB25-CFEF23F3D7C6}.net_3_5_Release|Any CPU.Build.0 = Release|Any CPU
		{DC393B66-92ED-4CAD-AB25-CFEF23F3D7C6}.net_3_5_Release|x86.ActiveCfg = Release|Any CPU
		{DC393B66-92ED-4CAD-AB25-CFEF23F3D7C6}.net_3_5_Release|x86.Build.0 = Release|Any CPU
		{DC393B66-92ED-4CAD-AB25-CFEF23F3D7C6}.net_4_0_Debug|Any CPU.ActiveCfg = net_4_5_Release|Any CPU
		{DC393B66-92ED-4CAD-AB25-CFEF23F3D7C6}.net_4_0_Debug|Any CPU.Build.0 = net_4_5_Release|Any CPU
		{DC393B66-92ED-4CAD-AB25-CFEF23F3D7C6}.net_4_0_Debug|x86.ActiveCfg = net_4_5_Release|Any CPU
		{DC393B66-92ED-4CAD-AB25-CFEF23F3D7C6}.net_4_0_Debug|x86.Build.0 = net_4_5_Release|Any CPU
		{DC393B66-92ED-4CAD-AB25-CFEF23F3D7C6}.net_4_0_Release|Any CPU.ActiveCfg = Release|Any CPU
		{DC393B66-92ED-4CAD-AB25-CFEF23F3D7C6}.net_4_0_Release|Any CPU.Build.0 = Release|Any CPU
		{DC393B66-92ED-4CAD-AB25-CFEF23F3D7C6}.net_4_0_Release|x86.ActiveCfg = Release|Any CPU
		{DC393B66-92ED-4CAD-AB25-CFEF23F3D7C6}.net_4_0_Release|x86.Build.0 = Release|Any CPU
		{DC393B66-92ED-4CAD-AB25-CFEF23F3D7C6}.net_4_5_Debug|Any CPU.ActiveCfg = net_4_5_Debug|Any CPU
		{DC393B66-92ED-4CAD-AB25-CFEF23F3D7C6}.net_4_5_Debug|Any CPU.Build.0 = net_4_5_Debug|Any CPU
		{DC393B66-92ED-4CAD-AB25-CFEF23F3D7C6}.net_4_5_Debug|x86.ActiveCfg = net_4_5_Debug|Any CPU
		{DC393B66-92ED-4CAD-AB25-CFEF23F3D7C6}.net_4_5_Debug|x86.Build.0 = net_4_5_Debug|Any CPU
		{DC393B66-92ED-4CAD-AB25-CFEF23F3D7C6}.net_4_5_Release|Any CPU.ActiveCfg = net_4_5_Release|Any CPU
		{DC393B66-92ED-4CAD-AB25-CFEF23F3D7C6}.net_4_5_Release|Any CPU.Build.0 = net_4_5_Release|Any CPU
		{DC393B66-92ED-4CAD-AB25-CFEF23F3D7C6}.net_4_5_Release|x86.ActiveCfg = net_4_5_Release|Any CPU
		{DC393B66-92ED-4CAD-AB25-CFEF23F3D7C6}.net_4_5_Release|x86.Build.0 = net_4_5_Release|Any CPU
		{DC393B66-92ED-4CAD-AB25-CFEF23F3D7C6}.pcl_Debug|Any CPU.ActiveCfg = Debug|Any CPU
		{DC393B66-92ED-4CAD-AB25-CFEF23F3D7C6}.pcl_Debug|Any CPU.Build.0 = Debug|Any CPU
		{DC393B66-92ED-4CAD-AB25-CFEF23F3D7C6}.pcl_Debug|x86.ActiveCfg = Debug|Any CPU
		{DC393B66-92ED-4CAD-AB25-CFEF23F3D7C6}.pcl_Debug|x86.Build.0 = Debug|Any CPU
		{DC393B66-92ED-4CAD-AB25-CFEF23F3D7C6}.pcl_Release|Any CPU.ActiveCfg = Release|Any CPU
		{DC393B66-92ED-4CAD-AB25-CFEF23F3D7C6}.pcl_Release|Any CPU.Build.0 = Release|Any CPU
		{DC393B66-92ED-4CAD-AB25-CFEF23F3D7C6}.pcl_Release|x86.ActiveCfg = Release|Any CPU
		{DC393B66-92ED-4CAD-AB25-CFEF23F3D7C6}.pcl_Release|x86.Build.0 = Release|Any CPU
		{DC393B66-92ED-4CAD-AB25-CFEF23F3D7C6}.Release|Any CPU.ActiveCfg = net_4_5_Release|Any CPU
		{DC393B66-92ED-4CAD-AB25-CFEF23F3D7C6}.Release|Any CPU.Build.0 = Release|Any CPU
		{DC393B66-92ED-4CAD-AB25-CFEF23F3D7C6}.Release|x86.ActiveCfg = net_4_5_Release|Any CPU
		{DC393B66-92ED-4CAD-AB25-CFEF23F3D7C6}.Release|x86.Build.0 = Release|Any CPU
		{6C55B776-26D4-4DB3-A6AB-87E783B2F3D1}.Debug|Any CPU.ActiveCfg = Debug|WithNRefactory
		{6C55B776-26D4-4DB3-A6AB-87E783B2F3D1}.Debug|x86.ActiveCfg = Debug|WithNRefactory
		{6C55B776-26D4-4DB3-A6AB-87E783B2F3D1}.net_2_0_Release|Any CPU.ActiveCfg = Release|WithNRefactory
		{6C55B776-26D4-4DB3-A6AB-87E783B2F3D1}.net_2_0_Release|x86.ActiveCfg = Release|WithNRefactory
		{6C55B776-26D4-4DB3-A6AB-87E783B2F3D1}.net_3_5_Debug|Any CPU.ActiveCfg = Release|WithNRefactory
		{6C55B776-26D4-4DB3-A6AB-87E783B2F3D1}.net_3_5_Debug|x86.ActiveCfg = Release|WithNRefactory
		{6C55B776-26D4-4DB3-A6AB-87E783B2F3D1}.net_3_5_Release|Any CPU.ActiveCfg = Release|WithNRefactory
		{6C55B776-26D4-4DB3-A6AB-87E783B2F3D1}.net_3_5_Release|x86.ActiveCfg = Release|WithNRefactory
		{6C55B776-26D4-4DB3-A6AB-87E783B2F3D1}.net_4_0_Debug|Any CPU.ActiveCfg = Release|WithNRefactory
		{6C55B776-26D4-4DB3-A6AB-87E783B2F3D1}.net_4_0_Debug|x86.ActiveCfg = Release|WithNRefactory
		{6C55B776-26D4-4DB3-A6AB-87E783B2F3D1}.net_4_0_Release|Any CPU.ActiveCfg = Release|WithNRefactory
		{6C55B776-26D4-4DB3-A6AB-87E783B2F3D1}.net_4_0_Release|x86.ActiveCfg = Release|WithNRefactory
		{6C55B776-26D4-4DB3-A6AB-87E783B2F3D1}.net_4_5_Debug|Any CPU.ActiveCfg = Release|WithNRefactory
		{6C55B776-26D4-4DB3-A6AB-87E783B2F3D1}.net_4_5_Debug|x86.ActiveCfg = Release|WithNRefactory
		{6C55B776-26D4-4DB3-A6AB-87E783B2F3D1}.net_4_5_Release|Any CPU.ActiveCfg = Release|WithNRefactory
		{6C55B776-26D4-4DB3-A6AB-87E783B2F3D1}.net_4_5_Release|x86.ActiveCfg = Release|WithNRefactory
		{6C55B776-26D4-4DB3-A6AB-87E783B2F3D1}.pcl_Debug|Any CPU.ActiveCfg = Release|WithNRefactory
		{6C55B776-26D4-4DB3-A6AB-87E783B2F3D1}.pcl_Debug|x86.ActiveCfg = Release|WithNRefactory
		{6C55B776-26D4-4DB3-A6AB-87E783B2F3D1}.pcl_Release|Any CPU.ActiveCfg = Release|WithNRefactory
		{6C55B776-26D4-4DB3-A6AB-87E783B2F3D1}.pcl_Release|x86.ActiveCfg = Release|WithNRefactory
		{6C55B776-26D4-4DB3-A6AB-87E783B2F3D1}.Release|Any CPU.ActiveCfg = Release|WithNRefactory
		{6C55B776-26D4-4DB3-A6AB-87E783B2F3D1}.Release|x86.ActiveCfg = Release|WithNRefactory
		{DDE2A481-8271-4EAC-A330-8FA6A38D13D1}.Debug|Any CPU.ActiveCfg = Debug|Any CPU
		{DDE2A481-8271-4EAC-A330-8FA6A38D13D1}.Debug|Any CPU.Build.0 = Debug|Any CPU
		{DDE2A481-8271-4EAC-A330-8FA6A38D13D1}.Debug|x86.ActiveCfg = Debug|Any CPU
		{DDE2A481-8271-4EAC-A330-8FA6A38D13D1}.Debug|x86.Build.0 = Debug|Any CPU
		{DDE2A481-8271-4EAC-A330-8FA6A38D13D1}.net_2_0_Release|Any CPU.ActiveCfg = Release|Any CPU
		{DDE2A481-8271-4EAC-A330-8FA6A38D13D1}.net_2_0_Release|x86.ActiveCfg = Release|Any CPU
		{DDE2A481-8271-4EAC-A330-8FA6A38D13D1}.net_3_5_Debug|Any CPU.ActiveCfg = Debug|Any CPU
		{DDE2A481-8271-4EAC-A330-8FA6A38D13D1}.net_3_5_Debug|x86.ActiveCfg = Debug|Any CPU
		{DDE2A481-8271-4EAC-A330-8FA6A38D13D1}.net_3_5_Release|Any CPU.ActiveCfg = Release|Any CPU
		{DDE2A481-8271-4EAC-A330-8FA6A38D13D1}.net_3_5_Release|x86.ActiveCfg = Release|Any CPU
		{DDE2A481-8271-4EAC-A330-8FA6A38D13D1}.net_4_0_Debug|Any CPU.ActiveCfg = Debug|Any CPU
		{DDE2A481-8271-4EAC-A330-8FA6A38D13D1}.net_4_0_Debug|x86.ActiveCfg = Debug|Any CPU
		{DDE2A481-8271-4EAC-A330-8FA6A38D13D1}.net_4_0_Release|Any CPU.ActiveCfg = Release|Any CPU
		{DDE2A481-8271-4EAC-A330-8FA6A38D13D1}.net_4_0_Release|x86.ActiveCfg = Release|Any CPU
		{DDE2A481-8271-4EAC-A330-8FA6A38D13D1}.net_4_5_Debug|Any CPU.ActiveCfg = Debug|Any CPU
		{DDE2A481-8271-4EAC-A330-8FA6A38D13D1}.net_4_5_Debug|x86.ActiveCfg = Debug|Any CPU
		{DDE2A481-8271-4EAC-A330-8FA6A38D13D1}.net_4_5_Release|Any CPU.ActiveCfg = Release|Any CPU
		{DDE2A481-8271-4EAC-A330-8FA6A38D13D1}.net_4_5_Release|x86.ActiveCfg = Release|Any CPU
		{DDE2A481-8271-4EAC-A330-8FA6A38D13D1}.pcl_Debug|Any CPU.ActiveCfg = Debug|Any CPU
		{DDE2A481-8271-4EAC-A330-8FA6A38D13D1}.pcl_Debug|x86.ActiveCfg = Debug|Any CPU
		{DDE2A481-8271-4EAC-A330-8FA6A38D13D1}.pcl_Release|Any CPU.ActiveCfg = Release|Any CPU
		{DDE2A481-8271-4EAC-A330-8FA6A38D13D1}.pcl_Release|x86.ActiveCfg = Release|Any CPU
		{DDE2A481-8271-4EAC-A330-8FA6A38D13D1}.Release|Any CPU.ActiveCfg = Release|Any CPU
		{DDE2A481-8271-4EAC-A330-8FA6A38D13D1}.Release|Any CPU.Build.0 = Release|Any CPU
		{DDE2A481-8271-4EAC-A330-8FA6A38D13D1}.Release|x86.ActiveCfg = Release|Any CPU
		{DDE2A481-8271-4EAC-A330-8FA6A38D13D1}.Release|x86.Build.0 = Release|Any CPU
		{1F1AC7CD-D154-45BB-8EAF-804CA8055F5A}.Debug|Any CPU.ActiveCfg = Debug|Any CPU
		{1F1AC7CD-D154-45BB-8EAF-804CA8055F5A}.Debug|Any CPU.Build.0 = Debug|Any CPU
		{1F1AC7CD-D154-45BB-8EAF-804CA8055F5A}.Debug|x86.ActiveCfg = Debug|Any CPU
		{1F1AC7CD-D154-45BB-8EAF-804CA8055F5A}.Debug|x86.Build.0 = Debug|Any CPU
		{1F1AC7CD-D154-45BB-8EAF-804CA8055F5A}.net_2_0_Release|Any CPU.ActiveCfg = Release|Any CPU
		{1F1AC7CD-D154-45BB-8EAF-804CA8055F5A}.net_2_0_Release|Any CPU.Build.0 = Release|Any CPU
		{1F1AC7CD-D154-45BB-8EAF-804CA8055F5A}.net_2_0_Release|x86.ActiveCfg = Release|Any CPU
		{1F1AC7CD-D154-45BB-8EAF-804CA8055F5A}.net_2_0_Release|x86.Build.0 = Release|Any CPU
		{1F1AC7CD-D154-45BB-8EAF-804CA8055F5A}.net_3_5_Debug|Any CPU.ActiveCfg = Debug|Any CPU
		{1F1AC7CD-D154-45BB-8EAF-804CA8055F5A}.net_3_5_Debug|Any CPU.Build.0 = Debug|Any CPU
		{1F1AC7CD-D154-45BB-8EAF-804CA8055F5A}.net_3_5_Debug|x86.ActiveCfg = Debug|Any CPU
		{1F1AC7CD-D154-45BB-8EAF-804CA8055F5A}.net_3_5_Debug|x86.Build.0 = Debug|Any CPU
		{1F1AC7CD-D154-45BB-8EAF-804CA8055F5A}.net_3_5_Release|Any CPU.ActiveCfg = Release|Any CPU
		{1F1AC7CD-D154-45BB-8EAF-804CA8055F5A}.net_3_5_Release|Any CPU.Build.0 = Release|Any CPU
		{1F1AC7CD-D154-45BB-8EAF-804CA8055F5A}.net_3_5_Release|x86.ActiveCfg = Release|Any CPU
		{1F1AC7CD-D154-45BB-8EAF-804CA8055F5A}.net_3_5_Release|x86.Build.0 = Release|Any CPU
		{1F1AC7CD-D154-45BB-8EAF-804CA8055F5A}.net_4_0_Debug|Any CPU.ActiveCfg = Debug|Any CPU
		{1F1AC7CD-D154-45BB-8EAF-804CA8055F5A}.net_4_0_Debug|Any CPU.Build.0 = Debug|Any CPU
		{1F1AC7CD-D154-45BB-8EAF-804CA8055F5A}.net_4_0_Debug|x86.ActiveCfg = Debug|Any CPU
		{1F1AC7CD-D154-45BB-8EAF-804CA8055F5A}.net_4_0_Debug|x86.Build.0 = Debug|Any CPU
		{1F1AC7CD-D154-45BB-8EAF-804CA8055F5A}.net_4_0_Release|Any CPU.ActiveCfg = Release|Any CPU
		{1F1AC7CD-D154-45BB-8EAF-804CA8055F5A}.net_4_0_Release|Any CPU.Build.0 = Release|Any CPU
		{1F1AC7CD-D154-45BB-8EAF-804CA8055F5A}.net_4_0_Release|x86.ActiveCfg = Release|Any CPU
		{1F1AC7CD-D154-45BB-8EAF-804CA8055F5A}.net_4_0_Release|x86.Build.0 = Release|Any CPU
		{1F1AC7CD-D154-45BB-8EAF-804CA8055F5A}.net_4_5_Debug|Any CPU.ActiveCfg = Debug|Any CPU
		{1F1AC7CD-D154-45BB-8EAF-804CA8055F5A}.net_4_5_Debug|Any CPU.Build.0 = Debug|Any CPU
		{1F1AC7CD-D154-45BB-8EAF-804CA8055F5A}.net_4_5_Debug|x86.ActiveCfg = Debug|Any CPU
		{1F1AC7CD-D154-45BB-8EAF-804CA8055F5A}.net_4_5_Debug|x86.Build.0 = Debug|Any CPU
		{1F1AC7CD-D154-45BB-8EAF-804CA8055F5A}.net_4_5_Release|Any CPU.ActiveCfg = Release|Any CPU
		{1F1AC7CD-D154-45BB-8EAF-804CA8055F5A}.net_4_5_Release|Any CPU.Build.0 = Release|Any CPU
		{1F1AC7CD-D154-45BB-8EAF-804CA8055F5A}.net_4_5_Release|x86.ActiveCfg = Release|Any CPU
		{1F1AC7CD-D154-45BB-8EAF-804CA8055F5A}.net_4_5_Release|x86.Build.0 = Release|Any CPU
		{1F1AC7CD-D154-45BB-8EAF-804CA8055F5A}.pcl_Debug|Any CPU.ActiveCfg = Debug|Any CPU
		{1F1AC7CD-D154-45BB-8EAF-804CA8055F5A}.pcl_Debug|Any CPU.Build.0 = Debug|Any CPU
		{1F1AC7CD-D154-45BB-8EAF-804CA8055F5A}.pcl_Debug|x86.ActiveCfg = Debug|Any CPU
		{1F1AC7CD-D154-45BB-8EAF-804CA8055F5A}.pcl_Debug|x86.Build.0 = Debug|Any CPU
		{1F1AC7CD-D154-45BB-8EAF-804CA8055F5A}.pcl_Release|Any CPU.ActiveCfg = Release|Any CPU
		{1F1AC7CD-D154-45BB-8EAF-804CA8055F5A}.pcl_Release|Any CPU.Build.0 = Release|Any CPU
		{1F1AC7CD-D154-45BB-8EAF-804CA8055F5A}.pcl_Release|x86.ActiveCfg = Release|Any CPU
		{1F1AC7CD-D154-45BB-8EAF-804CA8055F5A}.pcl_Release|x86.Build.0 = Release|Any CPU
		{1F1AC7CD-D154-45BB-8EAF-804CA8055F5A}.Release|Any CPU.ActiveCfg = Release|Any CPU
		{1F1AC7CD-D154-45BB-8EAF-804CA8055F5A}.Release|Any CPU.Build.0 = Release|Any CPU
		{1F1AC7CD-D154-45BB-8EAF-804CA8055F5A}.Release|x86.ActiveCfg = Release|Any CPU
		{1F1AC7CD-D154-45BB-8EAF-804CA8055F5A}.Release|x86.Build.0 = Release|Any CPU
		{0162E499-42D0-409B-AA25-EED21F75336B}.Debug|Any CPU.ActiveCfg = Debug|Any CPU
		{0162E499-42D0-409B-AA25-EED21F75336B}.Debug|Any CPU.Build.0 = Debug|Any CPU
		{0162E499-42D0-409B-AA25-EED21F75336B}.Debug|x86.ActiveCfg = Debug|Any CPU
		{0162E499-42D0-409B-AA25-EED21F75336B}.Debug|x86.Build.0 = Debug|Any CPU
		{0162E499-42D0-409B-AA25-EED21F75336B}.net_2_0_Release|Any CPU.ActiveCfg = Release|Any CPU
		{0162E499-42D0-409B-AA25-EED21F75336B}.net_2_0_Release|Any CPU.Build.0 = Release|Any CPU
		{0162E499-42D0-409B-AA25-EED21F75336B}.net_2_0_Release|x86.ActiveCfg = Release|Any CPU
		{0162E499-42D0-409B-AA25-EED21F75336B}.net_2_0_Release|x86.Build.0 = Release|Any CPU
		{0162E499-42D0-409B-AA25-EED21F75336B}.net_3_5_Debug|Any CPU.ActiveCfg = Debug|Any CPU
		{0162E499-42D0-409B-AA25-EED21F75336B}.net_3_5_Debug|Any CPU.Build.0 = Debug|Any CPU
		{0162E499-42D0-409B-AA25-EED21F75336B}.net_3_5_Debug|x86.ActiveCfg = Debug|Any CPU
		{0162E499-42D0-409B-AA25-EED21F75336B}.net_3_5_Debug|x86.Build.0 = Debug|Any CPU
		{0162E499-42D0-409B-AA25-EED21F75336B}.net_3_5_Release|Any CPU.ActiveCfg = Release|Any CPU
		{0162E499-42D0-409B-AA25-EED21F75336B}.net_3_5_Release|Any CPU.Build.0 = Release|Any CPU
		{0162E499-42D0-409B-AA25-EED21F75336B}.net_3_5_Release|x86.ActiveCfg = Release|Any CPU
		{0162E499-42D0-409B-AA25-EED21F75336B}.net_3_5_Release|x86.Build.0 = Release|Any CPU
		{0162E499-42D0-409B-AA25-EED21F75336B}.net_4_0_Debug|Any CPU.ActiveCfg = Debug|Any CPU
		{0162E499-42D0-409B-AA25-EED21F75336B}.net_4_0_Debug|Any CPU.Build.0 = Debug|Any CPU
		{0162E499-42D0-409B-AA25-EED21F75336B}.net_4_0_Debug|x86.ActiveCfg = Debug|Any CPU
		{0162E499-42D0-409B-AA25-EED21F75336B}.net_4_0_Debug|x86.Build.0 = Debug|Any CPU
		{0162E499-42D0-409B-AA25-EED21F75336B}.net_4_0_Release|Any CPU.ActiveCfg = Release|Any CPU
		{0162E499-42D0-409B-AA25-EED21F75336B}.net_4_0_Release|Any CPU.Build.0 = Release|Any CPU
		{0162E499-42D0-409B-AA25-EED21F75336B}.net_4_0_Release|x86.ActiveCfg = Release|Any CPU
		{0162E499-42D0-409B-AA25-EED21F75336B}.net_4_0_Release|x86.Build.0 = Release|Any CPU
		{0162E499-42D0-409B-AA25-EED21F75336B}.net_4_5_Debug|Any CPU.ActiveCfg = Debug|Any CPU
		{0162E499-42D0-409B-AA25-EED21F75336B}.net_4_5_Debug|Any CPU.Build.0 = Debug|Any CPU
		{0162E499-42D0-409B-AA25-EED21F75336B}.net_4_5_Debug|x86.ActiveCfg = Debug|Any CPU
		{0162E499-42D0-409B-AA25-EED21F75336B}.net_4_5_Debug|x86.Build.0 = Debug|Any CPU
		{0162E499-42D0-409B-AA25-EED21F75336B}.net_4_5_Release|Any CPU.ActiveCfg = Release|Any CPU
		{0162E499-42D0-409B-AA25-EED21F75336B}.net_4_5_Release|Any CPU.Build.0 = Release|Any CPU
		{0162E499-42D0-409B-AA25-EED21F75336B}.net_4_5_Release|x86.ActiveCfg = Release|Any CPU
		{0162E499-42D0-409B-AA25-EED21F75336B}.net_4_5_Release|x86.Build.0 = Release|Any CPU
		{0162E499-42D0-409B-AA25-EED21F75336B}.pcl_Debug|Any CPU.ActiveCfg = Debug|Any CPU
		{0162E499-42D0-409B-AA25-EED21F75336B}.pcl_Debug|Any CPU.Build.0 = Debug|Any CPU
		{0162E499-42D0-409B-AA25-EED21F75336B}.pcl_Debug|x86.ActiveCfg = Debug|Any CPU
		{0162E499-42D0-409B-AA25-EED21F75336B}.pcl_Debug|x86.Build.0 = Debug|Any CPU
		{0162E499-42D0-409B-AA25-EED21F75336B}.pcl_Release|Any CPU.ActiveCfg = Release|Any CPU
		{0162E499-42D0-409B-AA25-EED21F75336B}.pcl_Release|Any CPU.Build.0 = Release|Any CPU
		{0162E499-42D0-409B-AA25-EED21F75336B}.pcl_Release|x86.ActiveCfg = Release|Any CPU
		{0162E499-42D0-409B-AA25-EED21F75336B}.pcl_Release|x86.Build.0 = Release|Any CPU
		{0162E499-42D0-409B-AA25-EED21F75336B}.Release|Any CPU.ActiveCfg = Release|Any CPU
		{0162E499-42D0-409B-AA25-EED21F75336B}.Release|Any CPU.Build.0 = Release|Any CPU
		{0162E499-42D0-409B-AA25-EED21F75336B}.Release|x86.ActiveCfg = Release|Any CPU
		{0162E499-42D0-409B-AA25-EED21F75336B}.Release|x86.Build.0 = Release|Any CPU
		{C41E25B1-1B0C-4B50-BC0A-6826BFDA3714}.Debug|Any CPU.ActiveCfg = Debug|Any CPU
		{C41E25B1-1B0C-4B50-BC0A-6826BFDA3714}.Debug|Any CPU.Build.0 = Debug|Any CPU
		{C41E25B1-1B0C-4B50-BC0A-6826BFDA3714}.Debug|x86.ActiveCfg = Debug|Any CPU
		{C41E25B1-1B0C-4B50-BC0A-6826BFDA3714}.Debug|x86.Build.0 = Debug|Any CPU
		{C41E25B1-1B0C-4B50-BC0A-6826BFDA3714}.net_2_0_Release|Any CPU.ActiveCfg = Release|Any CPU
		{C41E25B1-1B0C-4B50-BC0A-6826BFDA3714}.net_2_0_Release|Any CPU.Build.0 = Release|Any CPU
		{C41E25B1-1B0C-4B50-BC0A-6826BFDA3714}.net_2_0_Release|x86.ActiveCfg = Release|Any CPU
		{C41E25B1-1B0C-4B50-BC0A-6826BFDA3714}.net_2_0_Release|x86.Build.0 = Release|Any CPU
		{C41E25B1-1B0C-4B50-BC0A-6826BFDA3714}.net_3_5_Debug|Any CPU.ActiveCfg = Debug|Any CPU
		{C41E25B1-1B0C-4B50-BC0A-6826BFDA3714}.net_3_5_Debug|Any CPU.Build.0 = Debug|Any CPU
		{C41E25B1-1B0C-4B50-BC0A-6826BFDA3714}.net_3_5_Debug|x86.ActiveCfg = Debug|Any CPU
		{C41E25B1-1B0C-4B50-BC0A-6826BFDA3714}.net_3_5_Debug|x86.Build.0 = Debug|Any CPU
		{C41E25B1-1B0C-4B50-BC0A-6826BFDA3714}.net_3_5_Release|Any CPU.ActiveCfg = Release|Any CPU
		{C41E25B1-1B0C-4B50-BC0A-6826BFDA3714}.net_3_5_Release|Any CPU.Build.0 = Release|Any CPU
		{C41E25B1-1B0C-4B50-BC0A-6826BFDA3714}.net_3_5_Release|x86.ActiveCfg = Release|Any CPU
		{C41E25B1-1B0C-4B50-BC0A-6826BFDA3714}.net_3_5_Release|x86.Build.0 = Release|Any CPU
		{C41E25B1-1B0C-4B50-BC0A-6826BFDA3714}.net_4_0_Debug|Any CPU.ActiveCfg = Debug|Any CPU
		{C41E25B1-1B0C-4B50-BC0A-6826BFDA3714}.net_4_0_Debug|Any CPU.Build.0 = Debug|Any CPU
		{C41E25B1-1B0C-4B50-BC0A-6826BFDA3714}.net_4_0_Debug|x86.ActiveCfg = Debug|Any CPU
		{C41E25B1-1B0C-4B50-BC0A-6826BFDA3714}.net_4_0_Debug|x86.Build.0 = Debug|Any CPU
		{C41E25B1-1B0C-4B50-BC0A-6826BFDA3714}.net_4_0_Release|Any CPU.ActiveCfg = Release|Any CPU
		{C41E25B1-1B0C-4B50-BC0A-6826BFDA3714}.net_4_0_Release|Any CPU.Build.0 = Release|Any CPU
		{C41E25B1-1B0C-4B50-BC0A-6826BFDA3714}.net_4_0_Release|x86.ActiveCfg = Release|Any CPU
		{C41E25B1-1B0C-4B50-BC0A-6826BFDA3714}.net_4_0_Release|x86.Build.0 = Release|Any CPU
		{C41E25B1-1B0C-4B50-BC0A-6826BFDA3714}.net_4_5_Debug|Any CPU.ActiveCfg = Debug|Any CPU
		{C41E25B1-1B0C-4B50-BC0A-6826BFDA3714}.net_4_5_Debug|Any CPU.Build.0 = Debug|Any CPU
		{C41E25B1-1B0C-4B50-BC0A-6826BFDA3714}.net_4_5_Debug|x86.ActiveCfg = Debug|Any CPU
		{C41E25B1-1B0C-4B50-BC0A-6826BFDA3714}.net_4_5_Debug|x86.Build.0 = Debug|Any CPU
		{C41E25B1-1B0C-4B50-BC0A-6826BFDA3714}.net_4_5_Release|Any CPU.ActiveCfg = Release|Any CPU
		{C41E25B1-1B0C-4B50-BC0A-6826BFDA3714}.net_4_5_Release|Any CPU.Build.0 = Release|Any CPU
		{C41E25B1-1B0C-4B50-BC0A-6826BFDA3714}.net_4_5_Release|x86.ActiveCfg = Release|Any CPU
		{C41E25B1-1B0C-4B50-BC0A-6826BFDA3714}.net_4_5_Release|x86.Build.0 = Release|Any CPU
		{C41E25B1-1B0C-4B50-BC0A-6826BFDA3714}.pcl_Debug|Any CPU.ActiveCfg = Debug|Any CPU
		{C41E25B1-1B0C-4B50-BC0A-6826BFDA3714}.pcl_Debug|Any CPU.Build.0 = Debug|Any CPU
		{C41E25B1-1B0C-4B50-BC0A-6826BFDA3714}.pcl_Debug|x86.ActiveCfg = Debug|Any CPU
		{C41E25B1-1B0C-4B50-BC0A-6826BFDA3714}.pcl_Debug|x86.Build.0 = Debug|Any CPU
		{C41E25B1-1B0C-4B50-BC0A-6826BFDA3714}.pcl_Release|Any CPU.ActiveCfg = Release|Any CPU
		{C41E25B1-1B0C-4B50-BC0A-6826BFDA3714}.pcl_Release|Any CPU.Build.0 = Release|Any CPU
		{C41E25B1-1B0C-4B50-BC0A-6826BFDA3714}.pcl_Release|x86.ActiveCfg = Release|Any CPU
		{C41E25B1-1B0C-4B50-BC0A-6826BFDA3714}.pcl_Release|x86.Build.0 = Release|Any CPU
		{C41E25B1-1B0C-4B50-BC0A-6826BFDA3714}.Release|Any CPU.ActiveCfg = Release|Any CPU
		{C41E25B1-1B0C-4B50-BC0A-6826BFDA3714}.Release|Any CPU.Build.0 = Release|Any CPU
		{C41E25B1-1B0C-4B50-BC0A-6826BFDA3714}.Release|x86.ActiveCfg = Release|Any CPU
		{C41E25B1-1B0C-4B50-BC0A-6826BFDA3714}.Release|x86.Build.0 = Release|Any CPU
		{D68133BD-1E63-496E-9EDE-4FBDBF77B486}.Debug|Any CPU.ActiveCfg = pcl_Debug|Any CPU
		{D68133BD-1E63-496E-9EDE-4FBDBF77B486}.Debug|Any CPU.Build.0 = pcl_Debug|Any CPU
		{D68133BD-1E63-496E-9EDE-4FBDBF77B486}.Debug|x86.ActiveCfg = pcl_Debug|Any CPU
		{D68133BD-1E63-496E-9EDE-4FBDBF77B486}.Debug|x86.Build.0 = pcl_Debug|Any CPU
		{D68133BD-1E63-496E-9EDE-4FBDBF77B486}.net_2_0_Release|Any CPU.ActiveCfg = net_2_0_Release|Any CPU
		{D68133BD-1E63-496E-9EDE-4FBDBF77B486}.net_2_0_Release|Any CPU.Build.0 = net_2_0_Release|Any CPU
		{D68133BD-1E63-496E-9EDE-4FBDBF77B486}.net_2_0_Release|x86.ActiveCfg = net_2_0_Release|Any CPU
		{D68133BD-1E63-496E-9EDE-4FBDBF77B486}.net_2_0_Release|x86.Build.0 = net_2_0_Release|Any CPU
		{D68133BD-1E63-496E-9EDE-4FBDBF77B486}.net_3_5_Debug|Any CPU.ActiveCfg = net_3_5_Debug|Any CPU
		{D68133BD-1E63-496E-9EDE-4FBDBF77B486}.net_3_5_Debug|Any CPU.Build.0 = net_3_5_Debug|Any CPU
		{D68133BD-1E63-496E-9EDE-4FBDBF77B486}.net_3_5_Debug|x86.ActiveCfg = net_3_5_Debug|Any CPU
		{D68133BD-1E63-496E-9EDE-4FBDBF77B486}.net_3_5_Debug|x86.Build.0 = net_3_5_Debug|Any CPU
		{D68133BD-1E63-496E-9EDE-4FBDBF77B486}.net_3_5_Release|Any CPU.ActiveCfg = net_3_5_Release|Any CPU
		{D68133BD-1E63-496E-9EDE-4FBDBF77B486}.net_3_5_Release|Any CPU.Build.0 = net_3_5_Release|Any CPU
		{D68133BD-1E63-496E-9EDE-4FBDBF77B486}.net_3_5_Release|x86.ActiveCfg = net_3_5_Release|Any CPU
		{D68133BD-1E63-496E-9EDE-4FBDBF77B486}.net_3_5_Release|x86.Build.0 = net_3_5_Release|Any CPU
		{D68133BD-1E63-496E-9EDE-4FBDBF77B486}.net_4_0_Debug|Any CPU.ActiveCfg = net_4_0_Debug|Any CPU
		{D68133BD-1E63-496E-9EDE-4FBDBF77B486}.net_4_0_Debug|Any CPU.Build.0 = net_4_0_Debug|Any CPU
		{D68133BD-1E63-496E-9EDE-4FBDBF77B486}.net_4_0_Debug|x86.ActiveCfg = net_4_0_Debug|Any CPU
		{D68133BD-1E63-496E-9EDE-4FBDBF77B486}.net_4_0_Debug|x86.Build.0 = net_4_0_Debug|Any CPU
		{D68133BD-1E63-496E-9EDE-4FBDBF77B486}.net_4_0_Release|Any CPU.ActiveCfg = net_4_0_Release|Any CPU
		{D68133BD-1E63-496E-9EDE-4FBDBF77B486}.net_4_0_Release|Any CPU.Build.0 = net_4_0_Release|Any CPU
		{D68133BD-1E63-496E-9EDE-4FBDBF77B486}.net_4_0_Release|x86.ActiveCfg = net_4_0_Release|Any CPU
		{D68133BD-1E63-496E-9EDE-4FBDBF77B486}.net_4_0_Release|x86.Build.0 = net_4_0_Release|Any CPU
		{D68133BD-1E63-496E-9EDE-4FBDBF77B486}.net_4_5_Debug|Any CPU.ActiveCfg = net_4_5_Debug|Any CPU
		{D68133BD-1E63-496E-9EDE-4FBDBF77B486}.net_4_5_Debug|Any CPU.Build.0 = net_4_5_Debug|Any CPU
		{D68133BD-1E63-496E-9EDE-4FBDBF77B486}.net_4_5_Debug|x86.ActiveCfg = net_4_5_Debug|Any CPU
		{D68133BD-1E63-496E-9EDE-4FBDBF77B486}.net_4_5_Debug|x86.Build.0 = net_4_5_Debug|Any CPU
		{D68133BD-1E63-496E-9EDE-4FBDBF77B486}.net_4_5_Release|Any CPU.ActiveCfg = net_4_5_Release|Any CPU
		{D68133BD-1E63-496E-9EDE-4FBDBF77B486}.net_4_5_Release|Any CPU.Build.0 = net_4_5_Release|Any CPU
		{D68133BD-1E63-496E-9EDE-4FBDBF77B486}.net_4_5_Release|x86.ActiveCfg = net_4_5_Release|Any CPU
		{D68133BD-1E63-496E-9EDE-4FBDBF77B486}.net_4_5_Release|x86.Build.0 = net_4_5_Release|Any CPU
		{D68133BD-1E63-496E-9EDE-4FBDBF77B486}.pcl_Debug|Any CPU.ActiveCfg = pcl_Debug|Any CPU
		{D68133BD-1E63-496E-9EDE-4FBDBF77B486}.pcl_Debug|Any CPU.Build.0 = pcl_Debug|Any CPU
		{D68133BD-1E63-496E-9EDE-4FBDBF77B486}.pcl_Debug|x86.ActiveCfg = pcl_Debug|Any CPU
		{D68133BD-1E63-496E-9EDE-4FBDBF77B486}.pcl_Debug|x86.Build.0 = pcl_Debug|Any CPU
		{D68133BD-1E63-496E-9EDE-4FBDBF77B486}.pcl_Release|Any CPU.ActiveCfg = pcl_Release|Any CPU
		{D68133BD-1E63-496E-9EDE-4FBDBF77B486}.pcl_Release|Any CPU.Build.0 = pcl_Release|Any CPU
		{D68133BD-1E63-496E-9EDE-4FBDBF77B486}.pcl_Release|x86.ActiveCfg = pcl_Release|Any CPU
		{D68133BD-1E63-496E-9EDE-4FBDBF77B486}.pcl_Release|x86.Build.0 = pcl_Release|Any CPU
		{D68133BD-1E63-496E-9EDE-4FBDBF77B486}.Release|Any CPU.ActiveCfg = pcl_Release|Any CPU
		{D68133BD-1E63-496E-9EDE-4FBDBF77B486}.Release|Any CPU.Build.0 = pcl_Release|Any CPU
		{D68133BD-1E63-496E-9EDE-4FBDBF77B486}.Release|x86.ActiveCfg = pcl_Release|Any CPU
		{D68133BD-1E63-496E-9EDE-4FBDBF77B486}.Release|x86.Build.0 = pcl_Release|Any CPU
		{2B8F4F83-C2B3-4E84-A27B-8DEE1BE0E006}.Debug|Any CPU.ActiveCfg = Debug|Any CPU
		{2B8F4F83-C2B3-4E84-A27B-8DEE1BE0E006}.Debug|Any CPU.Build.0 = Debug|Any CPU
		{2B8F4F83-C2B3-4E84-A27B-8DEE1BE0E006}.Debug|x86.ActiveCfg = Debug|Any CPU
		{2B8F4F83-C2B3-4E84-A27B-8DEE1BE0E006}.Debug|x86.Build.0 = Debug|Any CPU
		{2B8F4F83-C2B3-4E84-A27B-8DEE1BE0E006}.net_2_0_Release|Any CPU.ActiveCfg = Release|Any CPU
		{2B8F4F83-C2B3-4E84-A27B-8DEE1BE0E006}.net_2_0_Release|Any CPU.Build.0 = Release|Any CPU
		{2B8F4F83-C2B3-4E84-A27B-8DEE1BE0E006}.net_2_0_Release|x86.ActiveCfg = Release|Any CPU
		{2B8F4F83-C2B3-4E84-A27B-8DEE1BE0E006}.net_2_0_Release|x86.Build.0 = Release|Any CPU
		{2B8F4F83-C2B3-4E84-A27B-8DEE1BE0E006}.net_3_5_Debug|Any CPU.ActiveCfg = Debug|Any CPU
		{2B8F4F83-C2B3-4E84-A27B-8DEE1BE0E006}.net_3_5_Debug|Any CPU.Build.0 = Debug|Any CPU
		{2B8F4F83-C2B3-4E84-A27B-8DEE1BE0E006}.net_3_5_Debug|x86.ActiveCfg = Debug|Any CPU
		{2B8F4F83-C2B3-4E84-A27B-8DEE1BE0E006}.net_3_5_Debug|x86.Build.0 = Debug|Any CPU
		{2B8F4F83-C2B3-4E84-A27B-8DEE1BE0E006}.net_3_5_Release|Any CPU.ActiveCfg = Release|Any CPU
		{2B8F4F83-C2B3-4E84-A27B-8DEE1BE0E006}.net_3_5_Release|Any CPU.Build.0 = Release|Any CPU
		{2B8F4F83-C2B3-4E84-A27B-8DEE1BE0E006}.net_3_5_Release|x86.ActiveCfg = Release|Any CPU
		{2B8F4F83-C2B3-4E84-A27B-8DEE1BE0E006}.net_3_5_Release|x86.Build.0 = Release|Any CPU
		{2B8F4F83-C2B3-4E84-A27B-8DEE1BE0E006}.net_4_0_Debug|Any CPU.ActiveCfg = net_4_5_Release|Any CPU
		{2B8F4F83-C2B3-4E84-A27B-8DEE1BE0E006}.net_4_0_Debug|Any CPU.Build.0 = net_4_5_Release|Any CPU
		{2B8F4F83-C2B3-4E84-A27B-8DEE1BE0E006}.net_4_0_Debug|x86.ActiveCfg = net_4_5_Release|Any CPU
		{2B8F4F83-C2B3-4E84-A27B-8DEE1BE0E006}.net_4_0_Debug|x86.Build.0 = net_4_5_Release|Any CPU
		{2B8F4F83-C2B3-4E84-A27B-8DEE1BE0E006}.net_4_0_Release|Any CPU.ActiveCfg = Release|Any CPU
		{2B8F4F83-C2B3-4E84-A27B-8DEE1BE0E006}.net_4_0_Release|Any CPU.Build.0 = Release|Any CPU
		{2B8F4F83-C2B3-4E84-A27B-8DEE1BE0E006}.net_4_0_Release|x86.ActiveCfg = Release|Any CPU
		{2B8F4F83-C2B3-4E84-A27B-8DEE1BE0E006}.net_4_0_Release|x86.Build.0 = Release|Any CPU
		{2B8F4F83-C2B3-4E84-A27B-8DEE1BE0E006}.net_4_5_Debug|Any CPU.ActiveCfg = net_4_5_Debug|Any CPU
		{2B8F4F83-C2B3-4E84-A27B-8DEE1BE0E006}.net_4_5_Debug|Any CPU.Build.0 = net_4_5_Debug|Any CPU
		{2B8F4F83-C2B3-4E84-A27B-8DEE1BE0E006}.net_4_5_Debug|x86.ActiveCfg = net_4_5_Debug|Any CPU
		{2B8F4F83-C2B3-4E84-A27B-8DEE1BE0E006}.net_4_5_Debug|x86.Build.0 = net_4_5_Debug|Any CPU
		{2B8F4F83-C2B3-4E84-A27B-8DEE1BE0E006}.net_4_5_Release|Any CPU.ActiveCfg = net_4_5_Release|Any CPU
		{2B8F4F83-C2B3-4E84-A27B-8DEE1BE0E006}.net_4_5_Release|Any CPU.Build.0 = net_4_5_Release|Any CPU
		{2B8F4F83-C2B3-4E84-A27B-8DEE1BE0E006}.net_4_5_Release|x86.ActiveCfg = net_4_5_Release|Any CPU
		{2B8F4F83-C2B3-4E84-A27B-8DEE1BE0E006}.net_4_5_Release|x86.Build.0 = net_4_5_Release|Any CPU
		{2B8F4F83-C2B3-4E84-A27B-8DEE1BE0E006}.pcl_Debug|Any CPU.ActiveCfg = Debug|Any CPU
		{2B8F4F83-C2B3-4E84-A27B-8DEE1BE0E006}.pcl_Debug|Any CPU.Build.0 = Debug|Any CPU
		{2B8F4F83-C2B3-4E84-A27B-8DEE1BE0E006}.pcl_Debug|x86.ActiveCfg = Debug|Any CPU
		{2B8F4F83-C2B3-4E84-A27B-8DEE1BE0E006}.pcl_Debug|x86.Build.0 = Debug|Any CPU
		{2B8F4F83-C2B3-4E84-A27B-8DEE1BE0E006}.pcl_Release|Any CPU.ActiveCfg = Release|Any CPU
		{2B8F4F83-C2B3-4E84-A27B-8DEE1BE0E006}.pcl_Release|Any CPU.Build.0 = Release|Any CPU
		{2B8F4F83-C2B3-4E84-A27B-8DEE1BE0E006}.pcl_Release|x86.ActiveCfg = Release|Any CPU
		{2B8F4F83-C2B3-4E84-A27B-8DEE1BE0E006}.pcl_Release|x86.Build.0 = Release|Any CPU
		{2B8F4F83-C2B3-4E84-A27B-8DEE1BE0E006}.Release|Any CPU.ActiveCfg = Release|Any CPU
		{2B8F4F83-C2B3-4E84-A27B-8DEE1BE0E006}.Release|Any CPU.Build.0 = Release|Any CPU
		{2B8F4F83-C2B3-4E84-A27B-8DEE1BE0E006}.Release|x86.ActiveCfg = Release|Any CPU
		{2B8F4F83-C2B3-4E84-A27B-8DEE1BE0E006}.Release|x86.Build.0 = Release|Any CPU
		{2A705FC6-1A9E-4941-9E47-254D79F2D9D5}.Debug|Any CPU.ActiveCfg = Debug|Any CPU
		{2A705FC6-1A9E-4941-9E47-254D79F2D9D5}.Debug|Any CPU.Build.0 = Debug|Any CPU
		{2A705FC6-1A9E-4941-9E47-254D79F2D9D5}.Debug|x86.ActiveCfg = Debug|Any CPU
		{2A705FC6-1A9E-4941-9E47-254D79F2D9D5}.Debug|x86.Build.0 = Debug|Any CPU
		{2A705FC6-1A9E-4941-9E47-254D79F2D9D5}.net_2_0_Release|Any CPU.ActiveCfg = Release|Any CPU
		{2A705FC6-1A9E-4941-9E47-254D79F2D9D5}.net_2_0_Release|Any CPU.Build.0 = Release|Any CPU
		{2A705FC6-1A9E-4941-9E47-254D79F2D9D5}.net_2_0_Release|x86.ActiveCfg = Release|Any CPU
		{2A705FC6-1A9E-4941-9E47-254D79F2D9D5}.net_2_0_Release|x86.Build.0 = Release|Any CPU
		{2A705FC6-1A9E-4941-9E47-254D79F2D9D5}.net_3_5_Debug|Any CPU.ActiveCfg = Debug|Any CPU
		{2A705FC6-1A9E-4941-9E47-254D79F2D9D5}.net_3_5_Debug|Any CPU.Build.0 = Debug|Any CPU
		{2A705FC6-1A9E-4941-9E47-254D79F2D9D5}.net_3_5_Debug|x86.ActiveCfg = Debug|Any CPU
		{2A705FC6-1A9E-4941-9E47-254D79F2D9D5}.net_3_5_Debug|x86.Build.0 = Debug|Any CPU
		{2A705FC6-1A9E-4941-9E47-254D79F2D9D5}.net_3_5_Release|Any CPU.ActiveCfg = Release|Any CPU
		{2A705FC6-1A9E-4941-9E47-254D79F2D9D5}.net_3_5_Release|Any CPU.Build.0 = Release|Any CPU
		{2A705FC6-1A9E-4941-9E47-254D79F2D9D5}.net_3_5_Release|x86.ActiveCfg = Release|Any CPU
		{2A705FC6-1A9E-4941-9E47-254D79F2D9D5}.net_3_5_Release|x86.Build.0 = Release|Any CPU
		{2A705FC6-1A9E-4941-9E47-254D79F2D9D5}.net_4_0_Debug|Any CPU.ActiveCfg = net_4_5_Release|Any CPU
		{2A705FC6-1A9E-4941-9E47-254D79F2D9D5}.net_4_0_Debug|Any CPU.Build.0 = net_4_5_Release|Any CPU
		{2A705FC6-1A9E-4941-9E47-254D79F2D9D5}.net_4_0_Debug|x86.ActiveCfg = net_4_5_Release|Any CPU
		{2A705FC6-1A9E-4941-9E47-254D79F2D9D5}.net_4_0_Debug|x86.Build.0 = net_4_5_Release|Any CPU
		{2A705FC6-1A9E-4941-9E47-254D79F2D9D5}.net_4_0_Release|Any CPU.ActiveCfg = Release|Any CPU
		{2A705FC6-1A9E-4941-9E47-254D79F2D9D5}.net_4_0_Release|Any CPU.Build.0 = Release|Any CPU
		{2A705FC6-1A9E-4941-9E47-254D79F2D9D5}.net_4_0_Release|x86.ActiveCfg = Release|Any CPU
		{2A705FC6-1A9E-4941-9E47-254D79F2D9D5}.net_4_0_Release|x86.Build.0 = Release|Any CPU
		{2A705FC6-1A9E-4941-9E47-254D79F2D9D5}.net_4_5_Debug|Any CPU.ActiveCfg = net_4_5_Debug|Any CPU
		{2A705FC6-1A9E-4941-9E47-254D79F2D9D5}.net_4_5_Debug|Any CPU.Build.0 = net_4_5_Debug|Any CPU
		{2A705FC6-1A9E-4941-9E47-254D79F2D9D5}.net_4_5_Debug|x86.ActiveCfg = net_4_5_Debug|Any CPU
		{2A705FC6-1A9E-4941-9E47-254D79F2D9D5}.net_4_5_Debug|x86.Build.0 = net_4_5_Debug|Any CPU
		{2A705FC6-1A9E-4941-9E47-254D79F2D9D5}.net_4_5_Release|Any CPU.ActiveCfg = net_4_5_Release|Any CPU
		{2A705FC6-1A9E-4941-9E47-254D79F2D9D5}.net_4_5_Release|Any CPU.Build.0 = net_4_5_Release|Any CPU
		{2A705FC6-1A9E-4941-9E47-254D79F2D9D5}.net_4_5_Release|x86.ActiveCfg = net_4_5_Release|Any CPU
		{2A705FC6-1A9E-4941-9E47-254D79F2D9D5}.net_4_5_Release|x86.Build.0 = net_4_5_Release|Any CPU
		{2A705FC6-1A9E-4941-9E47-254D79F2D9D5}.pcl_Debug|Any CPU.ActiveCfg = Debug|Any CPU
		{2A705FC6-1A9E-4941-9E47-254D79F2D9D5}.pcl_Debug|Any CPU.Build.0 = Debug|Any CPU
		{2A705FC6-1A9E-4941-9E47-254D79F2D9D5}.pcl_Debug|x86.ActiveCfg = Debug|Any CPU
		{2A705FC6-1A9E-4941-9E47-254D79F2D9D5}.pcl_Debug|x86.Build.0 = Debug|Any CPU
		{2A705FC6-1A9E-4941-9E47-254D79F2D9D5}.pcl_Release|Any CPU.ActiveCfg = Release|Any CPU
		{2A705FC6-1A9E-4941-9E47-254D79F2D9D5}.pcl_Release|Any CPU.Build.0 = Release|Any CPU
		{2A705FC6-1A9E-4941-9E47-254D79F2D9D5}.pcl_Release|x86.ActiveCfg = Release|Any CPU
		{2A705FC6-1A9E-4941-9E47-254D79F2D9D5}.pcl_Release|x86.Build.0 = Release|Any CPU
		{2A705FC6-1A9E-4941-9E47-254D79F2D9D5}.Release|Any CPU.ActiveCfg = Release|Any CPU
		{2A705FC6-1A9E-4941-9E47-254D79F2D9D5}.Release|Any CPU.Build.0 = Release|Any CPU
		{2A705FC6-1A9E-4941-9E47-254D79F2D9D5}.Release|x86.ActiveCfg = Release|Any CPU
		{2A705FC6-1A9E-4941-9E47-254D79F2D9D5}.Release|x86.Build.0 = Release|Any CPU
	EndGlobalSection
	GlobalSection(SolutionProperties) = preSolution
		HideSolutionNode = FALSE
	EndGlobalSection
	GlobalSection(NestedProjects) = preSolution
		{35CEF10F-2D4C-45F2-9DD1-161E0FEC583C} = {256F5C28-532C-44C0-8AB8-D8EC5E492E01}
		{7E4A7172-7FF5-48D0-B719-7CD959DD1AC9} = {256F5C28-532C-44C0-8AB8-D8EC5E492E01}
		{857CA1A3-FC88-4BE0-AB6A-D1EE772AB288} = {256F5C28-532C-44C0-8AB8-D8EC5E492E01}
		{2748AD25-9C63-4E12-877B-4DCE96FBED54} = {256F5C28-532C-44C0-8AB8-D8EC5E492E01}
		{8035765F-D51F-4A0C-A746-2FD100E19419} = {256F5C28-532C-44C0-8AB8-D8EC5E492E01}
		{E5A0F4D8-37FD-4A30-BEB0-4409DC4E0865} = {2A232EF1-EB95-41C6-B63A-C106E0C95D3C}
		{3B2A5653-EC97-4001-BB9B-D90F1AF2C371} = {E5A0F4D8-37FD-4A30-BEB0-4409DC4E0865}
		{53DCA265-3C3C-42F9-B647-F72BA678122B} = {E5A0F4D8-37FD-4A30-BEB0-4409DC4E0865}
		{DC393B66-92ED-4CAD-AB25-CFEF23F3D7C6} = {E5A0F4D8-37FD-4A30-BEB0-4409DC4E0865}
		{6C55B776-26D4-4DB3-A6AB-87E783B2F3D1} = {2A232EF1-EB95-41C6-B63A-C106E0C95D3C}
		{DDE2A481-8271-4EAC-A330-8FA6A38D13D1} = {2A232EF1-EB95-41C6-B63A-C106E0C95D3C}
		{E0646C25-36F2-4524-969F-FA621353AB94} = {39327899-ED91-4F7F-988C-4FE4E17C014D}
		{1F1AC7CD-D154-45BB-8EAF-804CA8055F5A} = {E0646C25-36F2-4524-969F-FA621353AB94}
		{F3662720-9EA2-4591-BBC6-97361DCE50A9} = {39327899-ED91-4F7F-988C-4FE4E17C014D}
		{7019F43E-DFD7-4D1C-8C96-E75D55646DE7} = {39327899-ED91-4F7F-988C-4FE4E17C014D}
		{49CE38B8-0460-46BF-9DFF-5B33A0F9EB5E} = {39327899-ED91-4F7F-988C-4FE4E17C014D}
		{D68133BD-1E63-496E-9EDE-4FBDBF77B486} = {2A232EF1-EB95-41C6-B63A-C106E0C95D3C}
		{2B8F4F83-C2B3-4E84-A27B-8DEE1BE0E006} = {E5A0F4D8-37FD-4A30-BEB0-4409DC4E0865}
		{2A705FC6-1A9E-4941-9E47-254D79F2D9D5} = {E5A0F4D8-37FD-4A30-BEB0-4409DC4E0865}
	EndGlobalSection
EndGlobal
